// !$*UTF8*$!
{
	archiveVersion = 1;
	classes = {
	};
	objectVersion = 51;
	objects = {

/* Begin PBXBuildFile section */
		090E1B0726EB9BD20016CF09 /* RemoveClientFromClassResource.swift in Sources */ = {isa = PBXBuildFile; fileRef = 090E1B0626EB9BD20016CF09 /* RemoveClientFromClassResource.swift */; };
		090E1B0926EB9C330016CF09 /* RemoveClientFromClassViewModel.swift in Sources */ = {isa = PBXBuildFile; fileRef = 090E1B0826EB9C330016CF09 /* RemoveClientFromClassViewModel.swift */; };
		090E1B0B26EBAA2E0016CF09 /* RemoveFromWaitlistResource.swift in Sources */ = {isa = PBXBuildFile; fileRef = 090E1B0A26EBAA2E0016CF09 /* RemoveFromWaitlistResource.swift */; };
		090E1B0D26EBAA4E0016CF09 /* RemoveFromWaitlistViewModel.swift in Sources */ = {isa = PBXBuildFile; fileRef = 090E1B0C26EBAA4E0016CF09 /* RemoveFromWaitlistViewModel.swift */; };
		090E1B1826EBBE7C0016CF09 /* Service1Info.swift in Sources */ = {isa = PBXBuildFile; fileRef = 090E1B1726EBBE7C0016CF09 /* Service1Info.swift */; };
		090E1B1A26EBBE880016CF09 /* Service2Info.swift in Sources */ = {isa = PBXBuildFile; fileRef = 090E1B1926EBBE880016CF09 /* Service2Info.swift */; };
		090E1B1C26EBBE930016CF09 /* Service3Info.swift in Sources */ = {isa = PBXBuildFile; fileRef = 090E1B1B26EBBE930016CF09 /* Service3Info.swift */; };
		090E1B1E26EBBE9E0016CF09 /* Service4Info.swift in Sources */ = {isa = PBXBuildFile; fileRef = 090E1B1D26EBBE9E0016CF09 /* Service4Info.swift */; };
		090E5A5326D95F1400EC6F9A /* RefreshingHistoryViewModel.swift in Sources */ = {isa = PBXBuildFile; fileRef = 090E5A5226D95F1400EC6F9A /* RefreshingHistoryViewModel.swift */; };
		090E5A5626D96F4400EC6F9A /* PhoneNumResource.swift in Sources */ = {isa = PBXBuildFile; fileRef = 090E5A5526D96F4400EC6F9A /* PhoneNumResource.swift */; };
		09244BCC26BB317D00D34DC0 /* ClassViewModel.swift in Sources */ = {isa = PBXBuildFile; fileRef = 09244BCB26BB317D00D34DC0 /* ClassViewModel.swift */; };
		09244BCF26BB5C2300D34DC0 /* MineMain1.swift in Sources */ = {isa = PBXBuildFile; fileRef = 09244BCE26BB5C2300D34DC0 /* MineMain1.swift */; };
		09244BD326BB5C5100D34DC0 /* MineMain3.swift in Sources */ = {isa = PBXBuildFile; fileRef = 09244BD226BB5C5100D34DC0 /* MineMain3.swift */; };
		09244BD526BB5C6A00D34DC0 /* ProfilePage.swift in Sources */ = {isa = PBXBuildFile; fileRef = 09244BD426BB5C6A00D34DC0 /* ProfilePage.swift */; };
		09244BD726BC513D00D34DC0 /* TopBar.swift in Sources */ = {isa = PBXBuildFile; fileRef = 09244BD626BC513D00D34DC0 /* TopBar.swift */; };
		09244BD926BC8D7700D34DC0 /* ClassMain2.swift in Sources */ = {isa = PBXBuildFile; fileRef = 09244BD826BC8D7600D34DC0 /* ClassMain2.swift */; };
		092D99E426A668CA006DC5FE /* ReformFITApp.swift in Sources */ = {isa = PBXBuildFile; fileRef = 092D99E326A668CA006DC5FE /* ReformFITApp.swift */; };
		092D99E626A668CA006DC5FE /* LocationMain.swift in Sources */ = {isa = PBXBuildFile; fileRef = 092D99E526A668CA006DC5FE /* LocationMain.swift */; };
		092D99E826A668D4006DC5FE /* Assets.xcassets in Resources */ = {isa = PBXBuildFile; fileRef = 092D99E726A668D4006DC5FE /* Assets.xcassets */; };
		092D99EB26A668D4006DC5FE /* Preview Assets.xcassets in Resources */ = {isa = PBXBuildFile; fileRef = 092D99EA26A668D4006DC5FE /* Preview Assets.xcassets */; };
		092D99F726AF73F0006DC5FE /* SocialMain.swift in Sources */ = {isa = PBXBuildFile; fileRef = 092D99F626AF73F0006DC5FE /* SocialMain.swift */; };
		092D99FA26AF741B006DC5FE /* VideoMain.swift in Sources */ = {isa = PBXBuildFile; fileRef = 092D99F926AF741B006DC5FE /* VideoMain.swift */; };
		092D99FC26AF7429006DC5FE /* ClassMain.swift in Sources */ = {isa = PBXBuildFile; fileRef = 092D99FB26AF7429006DC5FE /* ClassMain.swift */; };
		092D99FE26AFAED8006DC5FE /* Main.swift in Sources */ = {isa = PBXBuildFile; fileRef = 092D99FD26AFAED8006DC5FE /* Main.swift */; };
		092D9A0126B052B1006DC5FE /* MineMain.swift in Sources */ = {isa = PBXBuildFile; fileRef = 092D9A0026B052B1006DC5FE /* MineMain.swift */; };
		092D9A0326B1CE63006DC5FE /* LocationInfo.swift in Sources */ = {isa = PBXBuildFile; fileRef = 092D9A0226B1CE63006DC5FE /* LocationInfo.swift */; };
		09471CA926E7B4EC00041891 /* WristBandNumResource.swift in Sources */ = {isa = PBXBuildFile; fileRef = 09471CA826E7B4EC00041891 /* WristBandNumResource.swift */; };
		09471CAB26E7B4FF00041891 /* WristBandNumViewModel.swift in Sources */ = {isa = PBXBuildFile; fileRef = 09471CAA26E7B4FF00041891 /* WristBandNumViewModel.swift */; };
		09471CB826E904B900041891 /* Trapezoid.swift in Sources */ = {isa = PBXBuildFile; fileRef = 09471CB726E904B900041891 /* Trapezoid.swift */; };
		0957A53A26CADF91007BB1CE /* AsyncImage.swift in Sources */ = {isa = PBXBuildFile; fileRef = 0957A53926CADF91007BB1CE /* AsyncImage.swift */; };
		0957A53F26CDC75A007BB1CE /* GlobalVariable.swift in Sources */ = {isa = PBXBuildFile; fileRef = 0957A53E26CDC759007BB1CE /* GlobalVariable.swift */; };
		0957A54126CDD601007BB1CE /* AddClientResouce.swift in Sources */ = {isa = PBXBuildFile; fileRef = 0957A54026CDD601007BB1CE /* AddClientResouce.swift */; };
		0957A54326CDD612007BB1CE /* AddClientViewModel.swift in Sources */ = {isa = PBXBuildFile; fileRef = 0957A54226CDD612007BB1CE /* AddClientViewModel.swift */; };
		0961DED626B9BFFB0077341F /* ClassInfo.swift in Sources */ = {isa = PBXBuildFile; fileRef = 0961DED526B9BFFB0077341F /* ClassInfo.swift */; };
		0961DED826B9C8E90077341F /* LocationResource.swift in Sources */ = {isa = PBXBuildFile; fileRef = 0961DED726B9C8E90077341F /* LocationResource.swift */; };
		0961DEDA26B9CEEE0077341F /* LocationViewModel.swift in Sources */ = {isa = PBXBuildFile; fileRef = 0961DED926B9CEEE0077341F /* LocationViewModel.swift */; };
		0961DEDC26B9F6510077341F /* ClassResourse.swift in Sources */ = {isa = PBXBuildFile; fileRef = 0961DEDB26B9F6510077341F /* ClassResourse.swift */; };
		098A07F726C4AEA5004CDB24 /* ClassMainTab1.swift in Sources */ = {isa = PBXBuildFile; fileRef = 098A07F626C4AEA5004CDB24 /* ClassMainTab1.swift */; };
		098A07F926C4AEB4004CDB24 /* ClassMainTab2.swift in Sources */ = {isa = PBXBuildFile; fileRef = 098A07F826C4AEB4004CDB24 /* ClassMainTab2.swift */; };
		098A080326C61471004CDB24 /* PrivateTrainerInfo.swift in Sources */ = {isa = PBXBuildFile; fileRef = 098A080226C61471004CDB24 /* PrivateTrainerInfo.swift */; };
		098F6B9526DE5C18003D0FA8 /* ToastMessage.swift in Sources */ = {isa = PBXBuildFile; fileRef = 098F6B9426DE5C17003D0FA8 /* ToastMessage.swift */; };
		098F6B9726DEC777003D0FA8 /* CheckView.swift in Sources */ = {isa = PBXBuildFile; fileRef = 098F6B9626DEC777003D0FA8 /* CheckView.swift */; };
		098F6B9B26DEF0B6003D0FA8 /* PhoneNumViewModel.swift in Sources */ = {isa = PBXBuildFile; fileRef = 098F6B9A26DEF0B6003D0FA8 /* PhoneNumViewModel.swift */; };
		098F6B9D26DFDD34003D0FA8 /* GenderResource.swift in Sources */ = {isa = PBXBuildFile; fileRef = 098F6B9C26DFDD34003D0FA8 /* GenderResource.swift */; };
		098F6B9F26DFDD46003D0FA8 /* GenderViewModel.swift in Sources */ = {isa = PBXBuildFile; fileRef = 098F6B9E26DFDD46003D0FA8 /* GenderViewModel.swift */; };
		098F6BA126DFDF8B003D0FA8 /* BirthDateResource.swift in Sources */ = {isa = PBXBuildFile; fileRef = 098F6BA026DFDF8B003D0FA8 /* BirthDateResource.swift */; };
		098F6BA326DFDF99003D0FA8 /* BirthDateViewModel.swift in Sources */ = {isa = PBXBuildFile; fileRef = 098F6BA226DFDF99003D0FA8 /* BirthDateViewModel.swift */; };
		098F6BA526DFDFAB003D0FA8 /* HeightResource.swift in Sources */ = {isa = PBXBuildFile; fileRef = 098F6BA426DFDFAB003D0FA8 /* HeightResource.swift */; };
		098F6BA726DFDFBB003D0FA8 /* HeightViewModel.swift in Sources */ = {isa = PBXBuildFile; fileRef = 098F6BA626DFDFBB003D0FA8 /* HeightViewModel.swift */; };
		098F6BA926DFDFC5003D0FA8 /* WeightResource.swift in Sources */ = {isa = PBXBuildFile; fileRef = 098F6BA826DFDFC5003D0FA8 /* WeightResource.swift */; };
		098F6BAB26DFDFD2003D0FA8 /* WeightViewModel.swift in Sources */ = {isa = PBXBuildFile; fileRef = 098F6BAA26DFDFD2003D0FA8 /* WeightViewModel.swift */; };
		098F6BAD26DFDFDE003D0FA8 /* PostalCodeResource.swift in Sources */ = {isa = PBXBuildFile; fileRef = 098F6BAC26DFDFDE003D0FA8 /* PostalCodeResource.swift */; };
		098F6BAF26DFDFEA003D0FA8 /* PostalCodeViewModel.swift in Sources */ = {isa = PBXBuildFile; fileRef = 098F6BAE26DFDFEA003D0FA8 /* PostalCodeViewModel.swift */; };
		09A2B74026D5B1E10088AFE0 /* GoogleService-Info.plist in Resources */ = {isa = PBXBuildFile; fileRef = 09A2B73F26D5B1E10088AFE0 /* GoogleService-Info.plist */; };
		09A2B74726D6F4550088AFE0 /* SignupResource.swift in Sources */ = {isa = PBXBuildFile; fileRef = 09A2B74626D6F4540088AFE0 /* SignupResource.swift */; };
		09A2B74926D6F4720088AFE0 /* SignupViewModel.swift in Sources */ = {isa = PBXBuildFile; fileRef = 09A2B74826D6F4720088AFE0 /* SignupViewModel.swift */; };
		09A2B74B26D713E10088AFE0 /* SigninViewModel.swift in Sources */ = {isa = PBXBuildFile; fileRef = 09A2B74A26D713DF0088AFE0 /* SigninViewModel.swift */; };
		09A2B74D26D713FE0088AFE0 /* SigninResource.swift in Sources */ = {isa = PBXBuildFile; fileRef = 09A2B74C26D713FE0088AFE0 /* SigninResource.swift */; };
		09A2B75026D833170088AFE0 /* VisitHistoryResouce.swift in Sources */ = {isa = PBXBuildFile; fileRef = 09A2B74F26D833140088AFE0 /* VisitHistoryResouce.swift */; };
		09A2B75326D8338E0088AFE0 /* WaitlistEntriesResource.swift in Sources */ = {isa = PBXBuildFile; fileRef = 09A2B75226D8338E0088AFE0 /* WaitlistEntriesResource.swift */; };
		09A2B75526D833BA0088AFE0 /* WaitlistEntriesOrderResource.swift in Sources */ = {isa = PBXBuildFile; fileRef = 09A2B75426D833BA0088AFE0 /* WaitlistEntriesOrderResource.swift */; };
		09A2B75726D83CD50088AFE0 /* ClassHistoryResource.swift in Sources */ = {isa = PBXBuildFile; fileRef = 09A2B75626D83CD50088AFE0 /* ClassHistoryResource.swift */; };
		09A2B75926D844EF0088AFE0 /* RefreshingProgressViewModel.swift in Sources */ = {isa = PBXBuildFile; fileRef = 09A2B75826D844EF0088AFE0 /* RefreshingProgressViewModel.swift */; };
		0EBFCC8FA84CC71C7B43F3FA /* Pods_ReformFIT.framework in Frameworks */ = {isa = PBXBuildFile; fileRef = 10657C8EEA58E6F6F0426C68 /* Pods_ReformFIT.framework */; };
		33605D6F26F0448400D9EAAA /* Blog6View.swift in Sources */ = {isa = PBXBuildFile; fileRef = 33605D6E26F0448400D9EAAA /* Blog6View.swift */; };
		33605D7126F0460600D9EAAA /* Blog1View.swift in Sources */ = {isa = PBXBuildFile; fileRef = 33605D7026F0460600D9EAAA /* Blog1View.swift */; };
		33605D7326F0462D00D9EAAA /* Blog2View.swift in Sources */ = {isa = PBXBuildFile; fileRef = 33605D7226F0462D00D9EAAA /* Blog2View.swift */; };
		33605D7526F0465300D9EAAA /* Blog3View.swift in Sources */ = {isa = PBXBuildFile; fileRef = 33605D7426F0465300D9EAAA /* Blog3View.swift */; };
		33605D7726F0467400D9EAAA /* Blog4View.swift in Sources */ = {isa = PBXBuildFile; fileRef = 33605D7626F0467400D9EAAA /* Blog4View.swift */; };
		33605D7926F0472200D9EAAA /* Blog5View.swift in Sources */ = {isa = PBXBuildFile; fileRef = 33605D7826F0472200D9EAAA /* Blog5View.swift */; };
		33605D7B26F0474600D9EAAA /* Blog7View.swift in Sources */ = {isa = PBXBuildFile; fileRef = 33605D7A26F0474600D9EAAA /* Blog7View.swift */; };
		33605D7D26F0477300D9EAAA /* BlogPage.swift in Sources */ = {isa = PBXBuildFile; fileRef = 33605D7C26F0477300D9EAAA /* BlogPage.swift */; };
		33605D7F26F0492A00D9EAAA /* TDEECalculatorView.swift in Sources */ = {isa = PBXBuildFile; fileRef = 33605D7E26F0492A00D9EAAA /* TDEECalculatorView.swift */; };
		33605D8126F0495000D9EAAA /* BMICalculatorView.swift in Sources */ = {isa = PBXBuildFile; fileRef = 33605D8026F0495000D9EAAA /* BMICalculatorView.swift */; };
		33605D8326F0498C00D9EAAA /* BMRCalculatorView.swift in Sources */ = {isa = PBXBuildFile; fileRef = 33605D8226F0498C00D9EAAA /* BMRCalculatorView.swift */; };
		33605D8626F04BD200D9EAAA /* TDEECalculationManager.swift in Sources */ = {isa = PBXBuildFile; fileRef = 33605D8526F04BD200D9EAAA /* TDEECalculationManager.swift */; };
		33605D8826F04C2E00D9EAAA /* BMRCalculationManager.swift in Sources */ = {isa = PBXBuildFile; fileRef = 33605D8726F04C2E00D9EAAA /* BMRCalculationManager.swift */; };
		33605D8A26F04C5C00D9EAAA /* BMICalculationManager.swift in Sources */ = {isa = PBXBuildFile; fileRef = 33605D8926F04C5C00D9EAAA /* BMICalculationManager.swift */; };
		33605D8C26F04C9D00D9EAAA /* BMRCalculatorModel.swift in Sources */ = {isa = PBXBuildFile; fileRef = 33605D8B26F04C9D00D9EAAA /* BMRCalculatorModel.swift */; };
		33605D8E26F04CBE00D9EAAA /* BMICalculatorModel.swift in Sources */ = {isa = PBXBuildFile; fileRef = 33605D8D26F04CBE00D9EAAA /* BMICalculatorModel.swift */; };
		33605D9426F05DEC00D9EAAA /* GetClientDirectDebitResource.swift in Sources */ = {isa = PBXBuildFile; fileRef = 33605D9326F05DEB00D9EAAA /* GetClientDirectDebitResource.swift */; };
		33605D9626F05E1300D9EAAA /* UpdateClientDIrectDebitResource.swift in Sources */ = {isa = PBXBuildFile; fileRef = 33605D9526F05E1300D9EAAA /* UpdateClientDIrectDebitResource.swift */; };
		33605D9826F05E3800D9EAAA /* GetClientCreditCardResource.swift in Sources */ = {isa = PBXBuildFile; fileRef = 33605D9726F05E3800D9EAAA /* GetClientCreditCardResource.swift */; };
		33605D9A26F05E7A00D9EAAA /* UpdateCreditCardResource.swift in Sources */ = {isa = PBXBuildFile; fileRef = 33605D9926F05E7A00D9EAAA /* UpdateCreditCardResource.swift */; };
		33605D9C26F05F4C00D9EAAA /* AccessTokenResource.swift in Sources */ = {isa = PBXBuildFile; fileRef = 33605D9B26F05F4C00D9EAAA /* AccessTokenResource.swift */; };
		33605D9E26F05F8A00D9EAAA /* PurchaseHistoryResource.swift in Sources */ = {isa = PBXBuildFile; fileRef = 33605D9D26F05F8A00D9EAAA /* PurchaseHistoryResource.swift */; };
		33605DA026F05FA700D9EAAA /* ContractPurchaseResource.swift in Sources */ = {isa = PBXBuildFile; fileRef = 33605D9F26F05FA700D9EAAA /* ContractPurchaseResource.swift */; };
		33605DA226F05FC100D9EAAA /* ContractResource.swift in Sources */ = {isa = PBXBuildFile; fileRef = 33605DA126F05FC100D9EAAA /* ContractResource.swift */; };
		33605DA426F05FE800D9EAAA /* GiftCardBalanceResource.swift in Sources */ = {isa = PBXBuildFile; fileRef = 33605DA326F05FE800D9EAAA /* GiftCardBalanceResource.swift */; };
		33605DA626F0600200D9EAAA /* MindbodyAPIResource.swift in Sources */ = {isa = PBXBuildFile; fileRef = 33605DA526F0600200D9EAAA /* MindbodyAPIResource.swift */; };
		33605DA826F0602B00D9EAAA /* ServiceResource.swift in Sources */ = {isa = PBXBuildFile; fileRef = 33605DA726F0602B00D9EAAA /* ServiceResource.swift */; };
		33605DAA26F0607E00D9EAAA /* ShoppingCartResource.swift in Sources */ = {isa = PBXBuildFile; fileRef = 33605DA926F0607E00D9EAAA /* ShoppingCartResource.swift */; };
		33605DAC26F060BB00D9EAAA /* AccessTokenInitializer.swift in Sources */ = {isa = PBXBuildFile; fileRef = 33605DAB26F060BB00D9EAAA /* AccessTokenInitializer.swift */; };
		33605DAE26F060F500D9EAAA /* ContractPurchaseManager.swift in Sources */ = {isa = PBXBuildFile; fileRef = 33605DAD26F060F500D9EAAA /* ContractPurchaseManager.swift */; };
		33605DB026F0612200D9EAAA /* ContractPurchaseViewModel.swift in Sources */ = {isa = PBXBuildFile; fileRef = 33605DAF26F0612200D9EAAA /* ContractPurchaseViewModel.swift */; };
		33605DB226F0621300D9EAAA /* ErrorResponse.swift in Sources */ = {isa = PBXBuildFile; fileRef = 33605DB126F0621300D9EAAA /* ErrorResponse.swift */; };
		33605DB426F0622E00D9EAAA /* MindbodyAPIRequest.swift in Sources */ = {isa = PBXBuildFile; fileRef = 33605DB326F0622E00D9EAAA /* MindbodyAPIRequest.swift */; };
		33605DB626F0625F00D9EAAA /* NetworkRequest.swift in Sources */ = {isa = PBXBuildFile; fileRef = 33605DB526F0625F00D9EAAA /* NetworkRequest.swift */; };
		33605DB826F0627700D9EAAA /* ResponseType.swift in Sources */ = {isa = PBXBuildFile; fileRef = 33605DB726F0627700D9EAAA /* ResponseType.swift */; };
		33605DBA26F0629500D9EAAA /* ServicePurchaseViewModel.swift in Sources */ = {isa = PBXBuildFile; fileRef = 33605DB926F0629500D9EAAA /* ServicePurchaseViewModel.swift */; };
		33605DBC26F062C200D9EAAA /* ShoppingCartManager.swift in Sources */ = {isa = PBXBuildFile; fileRef = 33605DBB26F062C200D9EAAA /* ShoppingCartManager.swift */; };
		33605DBE26F0635E00D9EAAA /* PaymentPurchaseHistoryManager.swift in Sources */ = {isa = PBXBuildFile; fileRef = 33605DBD26F0635E00D9EAAA /* PaymentPurchaseHistoryManager.swift */; };
		33605DC226F0658400D9EAAA /* PaymentPurchaseHistoryPage.swift in Sources */ = {isa = PBXBuildFile; fileRef = 33605DC126F0658400D9EAAA /* PaymentPurchaseHistoryPage.swift */; };
		33605DC526F065F400D9EAAA /* PrivateLessonPurchasingPage.swift in Sources */ = {isa = PBXBuildFile; fileRef = 33605DC426F065F400D9EAAA /* PrivateLessonPurchasingPage.swift */; };
		33605DC726F0663B00D9EAAA /* CompPrepPurchasingPage.swift in Sources */ = {isa = PBXBuildFile; fileRef = 33605DC626F0663B00D9EAAA /* CompPrepPurchasingPage.swift */; };
		33605DCA26F066E600D9EAAA /* PrivateLessonPurchasePreviews.swift in Sources */ = {isa = PBXBuildFile; fileRef = 33605DC926F066E600D9EAAA /* PrivateLessonPurchasePreviews.swift */; };
		33605DCC26F0670500D9EAAA /* PurchaseTabsView.swift in Sources */ = {isa = PBXBuildFile; fileRef = 33605DCB26F0670500D9EAAA /* PurchaseTabsView.swift */; };
		33605DCE26F0673300D9EAAA /* GroupClassPurchasePreviews.swift in Sources */ = {isa = PBXBuildFile; fileRef = 33605DCD26F0673300D9EAAA /* GroupClassPurchasePreviews.swift */; };
		33605DD126F0679A00D9EAAA /* ContractPurchasingPage.swift in Sources */ = {isa = PBXBuildFile; fileRef = 33605DD026F0679A00D9EAAA /* ContractPurchasingPage.swift */; };
		33605DD326F067BC00D9EAAA /* PassPurchasingPage.swift in Sources */ = {isa = PBXBuildFile; fileRef = 33605DD226F067BC00D9EAAA /* PassPurchasingPage.swift */; };
		33605DD726F0682D00D9EAAA /* KeyboardAvoider.swift in Sources */ = {isa = PBXBuildFile; fileRef = 33605DD626F0682D00D9EAAA /* KeyboardAvoider.swift */; };
		33605DD926F0685100D9EAAA /* KeyboardAvoidancePreference.swift in Sources */ = {isa = PBXBuildFile; fileRef = 33605DD826F0685100D9EAAA /* KeyboardAvoidancePreference.swift */; };
		33605DDB26F068A000D9EAAA /* KeyboardAvoiding.swift in Sources */ = {isa = PBXBuildFile; fileRef = 33605DDA26F068A000D9EAAA /* KeyboardAvoiding.swift */; };
		33605DDE26F068F300D9EAAA /* OfficialCalendar.swift in Sources */ = {isa = PBXBuildFile; fileRef = 33605DDD26F068F300D9EAAA /* OfficialCalendar.swift */; };
		33605DE026F0692400D9EAAA /* CheckBoxView.swift in Sources */ = {isa = PBXBuildFile; fileRef = 33605DDF26F0692400D9EAAA /* CheckBoxView.swift */; };
		33605DE226F0693E00D9EAAA /* CollapseTextExample.swift in Sources */ = {isa = PBXBuildFile; fileRef = 33605DE126F0693E00D9EAAA /* CollapseTextExample.swift */; };
		33605DE426F0697F00D9EAAA /* LoadingScreen.swift in Sources */ = {isa = PBXBuildFile; fileRef = 33605DE326F0697F00D9EAAA /* LoadingScreen.swift */; };
		33605DE626F069A400D9EAAA /* RadioGroupButton.swift in Sources */ = {isa = PBXBuildFile; fileRef = 33605DE526F069A400D9EAAA /* RadioGroupButton.swift */; };
		33605DE826F069D800D9EAAA /* tableItem.swift in Sources */ = {isa = PBXBuildFile; fileRef = 33605DE726F069D800D9EAAA /* tableItem.swift */; };
		33605DEA26F06A0700D9EAAA /* TestSelectorOverlap.swift in Sources */ = {isa = PBXBuildFile; fileRef = 33605DE926F06A0700D9EAAA /* TestSelectorOverlap.swift */; };
		33605DEC26F06A2800D9EAAA /* WebView.swift in Sources */ = {isa = PBXBuildFile; fileRef = 33605DEB26F06A2800D9EAAA /* WebView.swift */; };
		33605DEE26F06A4B00D9EAAA /* BottomSheetView.swift in Sources */ = {isa = PBXBuildFile; fileRef = 33605DED26F06A4B00D9EAAA /* BottomSheetView.swift */; };
		33605DF026F06A8C00D9EAAA /* ModalDialogView.swift in Sources */ = {isa = PBXBuildFile; fileRef = 33605DEF26F06A8C00D9EAAA /* ModalDialogView.swift */; };
		33605DF226F06AA400D9EAAA /* DividerView.swift in Sources */ = {isa = PBXBuildFile; fileRef = 33605DF126F06AA400D9EAAA /* DividerView.swift */; };
		33605DF426F06AC500D9EAAA /* RoundedCorners.swift in Sources */ = {isa = PBXBuildFile; fileRef = 33605DF326F06AC500D9EAAA /* RoundedCorners.swift */; };
		33605DF726F06B0D00D9EAAA /* AccurateSubtraction.swift in Sources */ = {isa = PBXBuildFile; fileRef = 33605DF626F06B0D00D9EAAA /* AccurateSubtraction.swift */; };
		33605DF926F06B4F00D9EAAA /* KeyboardHidingExtension.swift in Sources */ = {isa = PBXBuildFile; fileRef = 33605DF826F06B4F00D9EAAA /* KeyboardHidingExtension.swift */; };
		33605DFB26F06B8400D9EAAA /* PurchasedItemModel.swift in Sources */ = {isa = PBXBuildFile; fileRef = 33605DFA26F06B8400D9EAAA /* PurchasedItemModel.swift */; };
		33605DFD26F06BB900D9EAAA /* PurchaseData.swift in Sources */ = {isa = PBXBuildFile; fileRef = 33605DFC26F06BB900D9EAAA /* PurchaseData.swift */; };
		33605DFF26F06BCF00D9EAAA /* PurchaseOption.swift in Sources */ = {isa = PBXBuildFile; fileRef = 33605DFE26F06BCF00D9EAAA /* PurchaseOption.swift */; };
		33605E0126F06BE600D9EAAA /* GlobalVariables.swift in Sources */ = {isa = PBXBuildFile; fileRef = 33605E0026F06BE600D9EAAA /* GlobalVariables.swift */; };
/* End PBXBuildFile section */

/* Begin PBXFileReference section */
		090E1B0626EB9BD20016CF09 /* RemoveClientFromClassResource.swift */ = {isa = PBXFileReference; lastKnownFileType = sourcecode.swift; path = RemoveClientFromClassResource.swift; sourceTree = "<group>"; };
		090E1B0826EB9C330016CF09 /* RemoveClientFromClassViewModel.swift */ = {isa = PBXFileReference; lastKnownFileType = sourcecode.swift; path = RemoveClientFromClassViewModel.swift; sourceTree = "<group>"; };
		090E1B0A26EBAA2E0016CF09 /* RemoveFromWaitlistResource.swift */ = {isa = PBXFileReference; lastKnownFileType = sourcecode.swift; path = RemoveFromWaitlistResource.swift; sourceTree = "<group>"; };
		090E1B0C26EBAA4E0016CF09 /* RemoveFromWaitlistViewModel.swift */ = {isa = PBXFileReference; lastKnownFileType = sourcecode.swift; path = RemoveFromWaitlistViewModel.swift; sourceTree = "<group>"; };
		090E1B1726EBBE7C0016CF09 /* Service1Info.swift */ = {isa = PBXFileReference; lastKnownFileType = sourcecode.swift; path = Service1Info.swift; sourceTree = "<group>"; };
		090E1B1926EBBE880016CF09 /* Service2Info.swift */ = {isa = PBXFileReference; lastKnownFileType = sourcecode.swift; path = Service2Info.swift; sourceTree = "<group>"; };
		090E1B1B26EBBE930016CF09 /* Service3Info.swift */ = {isa = PBXFileReference; lastKnownFileType = sourcecode.swift; path = Service3Info.swift; sourceTree = "<group>"; };
		090E1B1D26EBBE9E0016CF09 /* Service4Info.swift */ = {isa = PBXFileReference; lastKnownFileType = sourcecode.swift; path = Service4Info.swift; sourceTree = "<group>"; };
		090E5A5226D95F1400EC6F9A /* RefreshingHistoryViewModel.swift */ = {isa = PBXFileReference; lastKnownFileType = sourcecode.swift; path = RefreshingHistoryViewModel.swift; sourceTree = "<group>"; };
		090E5A5526D96F4400EC6F9A /* PhoneNumResource.swift */ = {isa = PBXFileReference; lastKnownFileType = sourcecode.swift; path = PhoneNumResource.swift; sourceTree = "<group>"; };
		09244BCB26BB317D00D34DC0 /* ClassViewModel.swift */ = {isa = PBXFileReference; lastKnownFileType = sourcecode.swift; path = ClassViewModel.swift; sourceTree = "<group>"; };
		09244BCE26BB5C2300D34DC0 /* MineMain1.swift */ = {isa = PBXFileReference; lastKnownFileType = sourcecode.swift; path = MineMain1.swift; sourceTree = "<group>"; };
		09244BD226BB5C5100D34DC0 /* MineMain3.swift */ = {isa = PBXFileReference; lastKnownFileType = sourcecode.swift; path = MineMain3.swift; sourceTree = "<group>"; };
		09244BD426BB5C6A00D34DC0 /* ProfilePage.swift */ = {isa = PBXFileReference; lastKnownFileType = sourcecode.swift; path = ProfilePage.swift; sourceTree = "<group>"; };
		09244BD626BC513D00D34DC0 /* TopBar.swift */ = {isa = PBXFileReference; lastKnownFileType = sourcecode.swift; path = TopBar.swift; sourceTree = "<group>"; };
		09244BD826BC8D7600D34DC0 /* ClassMain2.swift */ = {isa = PBXFileReference; lastKnownFileType = sourcecode.swift; path = ClassMain2.swift; sourceTree = "<group>"; };
		092D99E026A668CA006DC5FE /* ReformFIT.app */ = {isa = PBXFileReference; explicitFileType = wrapper.application; includeInIndex = 0; path = ReformFIT.app; sourceTree = BUILT_PRODUCTS_DIR; };
		092D99E326A668CA006DC5FE /* ReformFITApp.swift */ = {isa = PBXFileReference; lastKnownFileType = sourcecode.swift; path = ReformFITApp.swift; sourceTree = "<group>"; };
		092D99E526A668CA006DC5FE /* LocationMain.swift */ = {isa = PBXFileReference; lastKnownFileType = sourcecode.swift; path = LocationMain.swift; sourceTree = "<group>"; };
		092D99E726A668D4006DC5FE /* Assets.xcassets */ = {isa = PBXFileReference; lastKnownFileType = folder.assetcatalog; path = Assets.xcassets; sourceTree = "<group>"; };
		092D99EA26A668D4006DC5FE /* Preview Assets.xcassets */ = {isa = PBXFileReference; lastKnownFileType = folder.assetcatalog; path = "Preview Assets.xcassets"; sourceTree = "<group>"; };
		092D99EC26A668D4006DC5FE /* Info.plist */ = {isa = PBXFileReference; lastKnownFileType = text.plist.xml; path = Info.plist; sourceTree = "<group>"; };
		092D99F626AF73F0006DC5FE /* SocialMain.swift */ = {isa = PBXFileReference; lastKnownFileType = sourcecode.swift; path = SocialMain.swift; sourceTree = "<group>"; };
		092D99F926AF741B006DC5FE /* VideoMain.swift */ = {isa = PBXFileReference; lastKnownFileType = sourcecode.swift; path = VideoMain.swift; sourceTree = "<group>"; };
		092D99FB26AF7429006DC5FE /* ClassMain.swift */ = {isa = PBXFileReference; lastKnownFileType = sourcecode.swift; path = ClassMain.swift; sourceTree = "<group>"; };
		092D99FD26AFAED8006DC5FE /* Main.swift */ = {isa = PBXFileReference; lastKnownFileType = sourcecode.swift; path = Main.swift; sourceTree = "<group>"; };
		092D9A0026B052B1006DC5FE /* MineMain.swift */ = {isa = PBXFileReference; lastKnownFileType = sourcecode.swift; path = MineMain.swift; sourceTree = "<group>"; };
		092D9A0226B1CE63006DC5FE /* LocationInfo.swift */ = {isa = PBXFileReference; lastKnownFileType = sourcecode.swift; path = LocationInfo.swift; sourceTree = "<group>"; };
		09471CA826E7B4EC00041891 /* WristBandNumResource.swift */ = {isa = PBXFileReference; lastKnownFileType = sourcecode.swift; path = WristBandNumResource.swift; sourceTree = "<group>"; };
		09471CAA26E7B4FF00041891 /* WristBandNumViewModel.swift */ = {isa = PBXFileReference; lastKnownFileType = sourcecode.swift; path = WristBandNumViewModel.swift; sourceTree = "<group>"; };
		09471CB726E904B900041891 /* Trapezoid.swift */ = {isa = PBXFileReference; lastKnownFileType = sourcecode.swift; path = Trapezoid.swift; sourceTree = "<group>"; };
		0957A53926CADF91007BB1CE /* AsyncImage.swift */ = {isa = PBXFileReference; lastKnownFileType = sourcecode.swift; path = AsyncImage.swift; sourceTree = "<group>"; };
		0957A53D26CB2034007BB1CE /* classInfoEx.json */ = {isa = PBXFileReference; lastKnownFileType = text.json; path = classInfoEx.json; sourceTree = "<group>"; };
		0957A53E26CDC759007BB1CE /* GlobalVariable.swift */ = {isa = PBXFileReference; lastKnownFileType = sourcecode.swift; path = GlobalVariable.swift; sourceTree = "<group>"; };
		0957A54026CDD601007BB1CE /* AddClientResouce.swift */ = {isa = PBXFileReference; lastKnownFileType = sourcecode.swift; path = AddClientResouce.swift; sourceTree = "<group>"; };
		0957A54226CDD612007BB1CE /* AddClientViewModel.swift */ = {isa = PBXFileReference; lastKnownFileType = sourcecode.swift; path = AddClientViewModel.swift; sourceTree = "<group>"; };
		0961DED526B9BFFB0077341F /* ClassInfo.swift */ = {isa = PBXFileReference; lastKnownFileType = sourcecode.swift; path = ClassInfo.swift; sourceTree = "<group>"; };
		0961DED726B9C8E90077341F /* LocationResource.swift */ = {isa = PBXFileReference; lastKnownFileType = sourcecode.swift; path = LocationResource.swift; sourceTree = "<group>"; };
		0961DED926B9CEEE0077341F /* LocationViewModel.swift */ = {isa = PBXFileReference; lastKnownFileType = sourcecode.swift; path = LocationViewModel.swift; sourceTree = "<group>"; };
		0961DEDB26B9F6510077341F /* ClassResourse.swift */ = {isa = PBXFileReference; lastKnownFileType = sourcecode.swift; path = ClassResourse.swift; sourceTree = "<group>"; };
		098A07F626C4AEA5004CDB24 /* ClassMainTab1.swift */ = {isa = PBXFileReference; lastKnownFileType = sourcecode.swift; path = ClassMainTab1.swift; sourceTree = "<group>"; };
		098A07F826C4AEB4004CDB24 /* ClassMainTab2.swift */ = {isa = PBXFileReference; lastKnownFileType = sourcecode.swift; path = ClassMainTab2.swift; sourceTree = "<group>"; };
		098A080226C61471004CDB24 /* PrivateTrainerInfo.swift */ = {isa = PBXFileReference; lastKnownFileType = sourcecode.swift; path = PrivateTrainerInfo.swift; sourceTree = "<group>"; };
		098F6B9426DE5C17003D0FA8 /* ToastMessage.swift */ = {isa = PBXFileReference; lastKnownFileType = sourcecode.swift; path = ToastMessage.swift; sourceTree = "<group>"; };
		098F6B9626DEC777003D0FA8 /* CheckView.swift */ = {isa = PBXFileReference; lastKnownFileType = sourcecode.swift; path = CheckView.swift; sourceTree = "<group>"; };
		098F6B9A26DEF0B6003D0FA8 /* PhoneNumViewModel.swift */ = {isa = PBXFileReference; lastKnownFileType = sourcecode.swift; path = PhoneNumViewModel.swift; sourceTree = "<group>"; };
		098F6B9C26DFDD34003D0FA8 /* GenderResource.swift */ = {isa = PBXFileReference; lastKnownFileType = sourcecode.swift; path = GenderResource.swift; sourceTree = "<group>"; };
		098F6B9E26DFDD46003D0FA8 /* GenderViewModel.swift */ = {isa = PBXFileReference; lastKnownFileType = sourcecode.swift; path = GenderViewModel.swift; sourceTree = "<group>"; };
		098F6BA026DFDF8B003D0FA8 /* BirthDateResource.swift */ = {isa = PBXFileReference; lastKnownFileType = sourcecode.swift; path = BirthDateResource.swift; sourceTree = "<group>"; };
		098F6BA226DFDF99003D0FA8 /* BirthDateViewModel.swift */ = {isa = PBXFileReference; lastKnownFileType = sourcecode.swift; path = BirthDateViewModel.swift; sourceTree = "<group>"; };
		098F6BA426DFDFAB003D0FA8 /* HeightResource.swift */ = {isa = PBXFileReference; lastKnownFileType = sourcecode.swift; path = HeightResource.swift; sourceTree = "<group>"; };
		098F6BA626DFDFBB003D0FA8 /* HeightViewModel.swift */ = {isa = PBXFileReference; lastKnownFileType = sourcecode.swift; path = HeightViewModel.swift; sourceTree = "<group>"; };
		098F6BA826DFDFC5003D0FA8 /* WeightResource.swift */ = {isa = PBXFileReference; lastKnownFileType = sourcecode.swift; path = WeightResource.swift; sourceTree = "<group>"; };
		098F6BAA26DFDFD2003D0FA8 /* WeightViewModel.swift */ = {isa = PBXFileReference; lastKnownFileType = sourcecode.swift; path = WeightViewModel.swift; sourceTree = "<group>"; };
		098F6BAC26DFDFDE003D0FA8 /* PostalCodeResource.swift */ = {isa = PBXFileReference; lastKnownFileType = sourcecode.swift; path = PostalCodeResource.swift; sourceTree = "<group>"; };
		098F6BAE26DFDFEA003D0FA8 /* PostalCodeViewModel.swift */ = {isa = PBXFileReference; lastKnownFileType = sourcecode.swift; path = PostalCodeViewModel.swift; sourceTree = "<group>"; };
		09A2B73F26D5B1E10088AFE0 /* GoogleService-Info.plist */ = {isa = PBXFileReference; fileEncoding = 4; lastKnownFileType = text.plist.xml; name = "GoogleService-Info.plist"; path = "../../../Downloads/GoogleService-Info.plist"; sourceTree = "<group>"; };
		09A2B74626D6F4540088AFE0 /* SignupResource.swift */ = {isa = PBXFileReference; lastKnownFileType = sourcecode.swift; path = SignupResource.swift; sourceTree = "<group>"; };
		09A2B74826D6F4720088AFE0 /* SignupViewModel.swift */ = {isa = PBXFileReference; lastKnownFileType = sourcecode.swift; path = SignupViewModel.swift; sourceTree = "<group>"; };
		09A2B74A26D713DF0088AFE0 /* SigninViewModel.swift */ = {isa = PBXFileReference; lastKnownFileType = sourcecode.swift; path = SigninViewModel.swift; sourceTree = "<group>"; };
		09A2B74C26D713FE0088AFE0 /* SigninResource.swift */ = {isa = PBXFileReference; lastKnownFileType = sourcecode.swift; path = SigninResource.swift; sourceTree = "<group>"; };
		09A2B74F26D833140088AFE0 /* VisitHistoryResouce.swift */ = {isa = PBXFileReference; lastKnownFileType = sourcecode.swift; path = VisitHistoryResouce.swift; sourceTree = "<group>"; };
		09A2B75226D8338E0088AFE0 /* WaitlistEntriesResource.swift */ = {isa = PBXFileReference; lastKnownFileType = sourcecode.swift; path = WaitlistEntriesResource.swift; sourceTree = "<group>"; };
		09A2B75426D833BA0088AFE0 /* WaitlistEntriesOrderResource.swift */ = {isa = PBXFileReference; lastKnownFileType = sourcecode.swift; path = WaitlistEntriesOrderResource.swift; sourceTree = "<group>"; };
		09A2B75626D83CD50088AFE0 /* ClassHistoryResource.swift */ = {isa = PBXFileReference; lastKnownFileType = sourcecode.swift; path = ClassHistoryResource.swift; sourceTree = "<group>"; };
		09A2B75826D844EF0088AFE0 /* RefreshingProgressViewModel.swift */ = {isa = PBXFileReference; lastKnownFileType = sourcecode.swift; path = RefreshingProgressViewModel.swift; sourceTree = "<group>"; };
		10657C8EEA58E6F6F0426C68 /* Pods_ReformFIT.framework */ = {isa = PBXFileReference; explicitFileType = wrapper.framework; includeInIndex = 0; path = Pods_ReformFIT.framework; sourceTree = BUILT_PRODUCTS_DIR; };
		33605D6E26F0448400D9EAAA /* Blog6View.swift */ = {isa = PBXFileReference; lastKnownFileType = sourcecode.swift; path = Blog6View.swift; sourceTree = "<group>"; };
		33605D7026F0460600D9EAAA /* Blog1View.swift */ = {isa = PBXFileReference; lastKnownFileType = sourcecode.swift; path = Blog1View.swift; sourceTree = "<group>"; };
		33605D7226F0462D00D9EAAA /* Blog2View.swift */ = {isa = PBXFileReference; lastKnownFileType = sourcecode.swift; path = Blog2View.swift; sourceTree = "<group>"; };
		33605D7426F0465300D9EAAA /* Blog3View.swift */ = {isa = PBXFileReference; lastKnownFileType = sourcecode.swift; path = Blog3View.swift; sourceTree = "<group>"; };
		33605D7626F0467400D9EAAA /* Blog4View.swift */ = {isa = PBXFileReference; lastKnownFileType = sourcecode.swift; path = Blog4View.swift; sourceTree = "<group>"; };
		33605D7826F0472200D9EAAA /* Blog5View.swift */ = {isa = PBXFileReference; lastKnownFileType = sourcecode.swift; path = Blog5View.swift; sourceTree = "<group>"; };
		33605D7A26F0474600D9EAAA /* Blog7View.swift */ = {isa = PBXFileReference; lastKnownFileType = sourcecode.swift; path = Blog7View.swift; sourceTree = "<group>"; };
		33605D7C26F0477300D9EAAA /* BlogPage.swift */ = {isa = PBXFileReference; lastKnownFileType = sourcecode.swift; path = BlogPage.swift; sourceTree = "<group>"; };
		33605D7E26F0492A00D9EAAA /* TDEECalculatorView.swift */ = {isa = PBXFileReference; lastKnownFileType = sourcecode.swift; path = TDEECalculatorView.swift; sourceTree = "<group>"; };
		33605D8026F0495000D9EAAA /* BMICalculatorView.swift */ = {isa = PBXFileReference; lastKnownFileType = sourcecode.swift; path = BMICalculatorView.swift; sourceTree = "<group>"; };
		33605D8226F0498C00D9EAAA /* BMRCalculatorView.swift */ = {isa = PBXFileReference; lastKnownFileType = sourcecode.swift; path = BMRCalculatorView.swift; sourceTree = "<group>"; };
		33605D8526F04BD200D9EAAA /* TDEECalculationManager.swift */ = {isa = PBXFileReference; lastKnownFileType = sourcecode.swift; path = TDEECalculationManager.swift; sourceTree = "<group>"; };
		33605D8726F04C2E00D9EAAA /* BMRCalculationManager.swift */ = {isa = PBXFileReference; lastKnownFileType = sourcecode.swift; path = BMRCalculationManager.swift; sourceTree = "<group>"; };
		33605D8926F04C5C00D9EAAA /* BMICalculationManager.swift */ = {isa = PBXFileReference; lastKnownFileType = sourcecode.swift; path = BMICalculationManager.swift; sourceTree = "<group>"; };
		33605D8B26F04C9D00D9EAAA /* BMRCalculatorModel.swift */ = {isa = PBXFileReference; lastKnownFileType = sourcecode.swift; path = BMRCalculatorModel.swift; sourceTree = "<group>"; };
		33605D8D26F04CBE00D9EAAA /* BMICalculatorModel.swift */ = {isa = PBXFileReference; lastKnownFileType = sourcecode.swift; path = BMICalculatorModel.swift; sourceTree = "<group>"; };
		33605D9326F05DEB00D9EAAA /* GetClientDirectDebitResource.swift */ = {isa = PBXFileReference; lastKnownFileType = sourcecode.swift; path = GetClientDirectDebitResource.swift; sourceTree = "<group>"; };
		33605D9526F05E1300D9EAAA /* UpdateClientDIrectDebitResource.swift */ = {isa = PBXFileReference; lastKnownFileType = sourcecode.swift; path = UpdateClientDIrectDebitResource.swift; sourceTree = "<group>"; };
		33605D9726F05E3800D9EAAA /* GetClientCreditCardResource.swift */ = {isa = PBXFileReference; lastKnownFileType = sourcecode.swift; path = GetClientCreditCardResource.swift; sourceTree = "<group>"; };
		33605D9926F05E7A00D9EAAA /* UpdateCreditCardResource.swift */ = {isa = PBXFileReference; lastKnownFileType = sourcecode.swift; path = UpdateCreditCardResource.swift; sourceTree = "<group>"; };
		33605D9B26F05F4C00D9EAAA /* AccessTokenResource.swift */ = {isa = PBXFileReference; lastKnownFileType = sourcecode.swift; path = AccessTokenResource.swift; sourceTree = "<group>"; };
		33605D9D26F05F8A00D9EAAA /* PurchaseHistoryResource.swift */ = {isa = PBXFileReference; lastKnownFileType = sourcecode.swift; path = PurchaseHistoryResource.swift; sourceTree = "<group>"; };
		33605D9F26F05FA700D9EAAA /* ContractPurchaseResource.swift */ = {isa = PBXFileReference; lastKnownFileType = sourcecode.swift; path = ContractPurchaseResource.swift; sourceTree = "<group>"; };
		33605DA126F05FC100D9EAAA /* ContractResource.swift */ = {isa = PBXFileReference; lastKnownFileType = sourcecode.swift; path = ContractResource.swift; sourceTree = "<group>"; };
		33605DA326F05FE800D9EAAA /* GiftCardBalanceResource.swift */ = {isa = PBXFileReference; lastKnownFileType = sourcecode.swift; path = GiftCardBalanceResource.swift; sourceTree = "<group>"; };
		33605DA526F0600200D9EAAA /* MindbodyAPIResource.swift */ = {isa = PBXFileReference; lastKnownFileType = sourcecode.swift; path = MindbodyAPIResource.swift; sourceTree = "<group>"; };
		33605DA726F0602B00D9EAAA /* ServiceResource.swift */ = {isa = PBXFileReference; lastKnownFileType = sourcecode.swift; path = ServiceResource.swift; sourceTree = "<group>"; };
		33605DA926F0607E00D9EAAA /* ShoppingCartResource.swift */ = {isa = PBXFileReference; lastKnownFileType = sourcecode.swift; path = ShoppingCartResource.swift; sourceTree = "<group>"; };
		33605DAB26F060BB00D9EAAA /* AccessTokenInitializer.swift */ = {isa = PBXFileReference; lastKnownFileType = sourcecode.swift; path = AccessTokenInitializer.swift; sourceTree = "<group>"; };
		33605DAD26F060F500D9EAAA /* ContractPurchaseManager.swift */ = {isa = PBXFileReference; lastKnownFileType = sourcecode.swift; path = ContractPurchaseManager.swift; sourceTree = "<group>"; };
		33605DAF26F0612200D9EAAA /* ContractPurchaseViewModel.swift */ = {isa = PBXFileReference; lastKnownFileType = sourcecode.swift; path = ContractPurchaseViewModel.swift; sourceTree = "<group>"; };
		33605DB126F0621300D9EAAA /* ErrorResponse.swift */ = {isa = PBXFileReference; lastKnownFileType = sourcecode.swift; path = ErrorResponse.swift; sourceTree = "<group>"; };
		33605DB326F0622E00D9EAAA /* MindbodyAPIRequest.swift */ = {isa = PBXFileReference; lastKnownFileType = sourcecode.swift; path = MindbodyAPIRequest.swift; sourceTree = "<group>"; };
		33605DB526F0625F00D9EAAA /* NetworkRequest.swift */ = {isa = PBXFileReference; lastKnownFileType = sourcecode.swift; path = NetworkRequest.swift; sourceTree = "<group>"; };
		33605DB726F0627700D9EAAA /* ResponseType.swift */ = {isa = PBXFileReference; lastKnownFileType = sourcecode.swift; path = ResponseType.swift; sourceTree = "<group>"; };
		33605DB926F0629500D9EAAA /* ServicePurchaseViewModel.swift */ = {isa = PBXFileReference; lastKnownFileType = sourcecode.swift; path = ServicePurchaseViewModel.swift; sourceTree = "<group>"; };
		33605DBB26F062C200D9EAAA /* ShoppingCartManager.swift */ = {isa = PBXFileReference; lastKnownFileType = sourcecode.swift; path = ShoppingCartManager.swift; sourceTree = "<group>"; };
		33605DBD26F0635E00D9EAAA /* PaymentPurchaseHistoryManager.swift */ = {isa = PBXFileReference; lastKnownFileType = sourcecode.swift; path = PaymentPurchaseHistoryManager.swift; sourceTree = "<group>"; };
		33605DC126F0658400D9EAAA /* PaymentPurchaseHistoryPage.swift */ = {isa = PBXFileReference; lastKnownFileType = sourcecode.swift; path = PaymentPurchaseHistoryPage.swift; sourceTree = "<group>"; };
		33605DC426F065F400D9EAAA /* PrivateLessonPurchasingPage.swift */ = {isa = PBXFileReference; lastKnownFileType = sourcecode.swift; path = PrivateLessonPurchasingPage.swift; sourceTree = "<group>"; };
		33605DC626F0663B00D9EAAA /* CompPrepPurchasingPage.swift */ = {isa = PBXFileReference; lastKnownFileType = sourcecode.swift; path = CompPrepPurchasingPage.swift; sourceTree = "<group>"; };
		33605DC926F066E600D9EAAA /* PrivateLessonPurchasePreviews.swift */ = {isa = PBXFileReference; lastKnownFileType = sourcecode.swift; path = PrivateLessonPurchasePreviews.swift; sourceTree = "<group>"; };
		33605DCB26F0670500D9EAAA /* PurchaseTabsView.swift */ = {isa = PBXFileReference; lastKnownFileType = sourcecode.swift; path = PurchaseTabsView.swift; sourceTree = "<group>"; };
		33605DCD26F0673300D9EAAA /* GroupClassPurchasePreviews.swift */ = {isa = PBXFileReference; lastKnownFileType = sourcecode.swift; path = GroupClassPurchasePreviews.swift; sourceTree = "<group>"; };
		33605DD026F0679A00D9EAAA /* ContractPurchasingPage.swift */ = {isa = PBXFileReference; lastKnownFileType = sourcecode.swift; path = ContractPurchasingPage.swift; sourceTree = "<group>"; };
		33605DD226F067BC00D9EAAA /* PassPurchasingPage.swift */ = {isa = PBXFileReference; lastKnownFileType = sourcecode.swift; path = PassPurchasingPage.swift; sourceTree = "<group>"; };
		33605DD626F0682D00D9EAAA /* KeyboardAvoider.swift */ = {isa = PBXFileReference; lastKnownFileType = sourcecode.swift; path = KeyboardAvoider.swift; sourceTree = "<group>"; };
		33605DD826F0685100D9EAAA /* KeyboardAvoidancePreference.swift */ = {isa = PBXFileReference; lastKnownFileType = sourcecode.swift; path = KeyboardAvoidancePreference.swift; sourceTree = "<group>"; };
		33605DDA26F068A000D9EAAA /* KeyboardAvoiding.swift */ = {isa = PBXFileReference; lastKnownFileType = sourcecode.swift; path = KeyboardAvoiding.swift; sourceTree = "<group>"; };
		33605DDD26F068F300D9EAAA /* OfficialCalendar.swift */ = {isa = PBXFileReference; lastKnownFileType = sourcecode.swift; path = OfficialCalendar.swift; sourceTree = "<group>"; };
		33605DDF26F0692400D9EAAA /* CheckBoxView.swift */ = {isa = PBXFileReference; lastKnownFileType = sourcecode.swift; path = CheckBoxView.swift; sourceTree = "<group>"; };
		33605DE126F0693E00D9EAAA /* CollapseTextExample.swift */ = {isa = PBXFileReference; lastKnownFileType = sourcecode.swift; path = CollapseTextExample.swift; sourceTree = "<group>"; };
		33605DE326F0697F00D9EAAA /* LoadingScreen.swift */ = {isa = PBXFileReference; lastKnownFileType = sourcecode.swift; path = LoadingScreen.swift; sourceTree = "<group>"; };
		33605DE526F069A400D9EAAA /* RadioGroupButton.swift */ = {isa = PBXFileReference; lastKnownFileType = sourcecode.swift; path = RadioGroupButton.swift; sourceTree = "<group>"; };
		33605DE726F069D800D9EAAA /* tableItem.swift */ = {isa = PBXFileReference; lastKnownFileType = sourcecode.swift; path = tableItem.swift; sourceTree = "<group>"; };
		33605DE926F06A0700D9EAAA /* TestSelectorOverlap.swift */ = {isa = PBXFileReference; lastKnownFileType = sourcecode.swift; path = TestSelectorOverlap.swift; sourceTree = "<group>"; };
		33605DEB26F06A2800D9EAAA /* WebView.swift */ = {isa = PBXFileReference; lastKnownFileType = sourcecode.swift; path = WebView.swift; sourceTree = "<group>"; };
		33605DED26F06A4B00D9EAAA /* BottomSheetView.swift */ = {isa = PBXFileReference; lastKnownFileType = sourcecode.swift; path = BottomSheetView.swift; sourceTree = "<group>"; };
		33605DEF26F06A8C00D9EAAA /* ModalDialogView.swift */ = {isa = PBXFileReference; lastKnownFileType = sourcecode.swift; path = ModalDialogView.swift; sourceTree = "<group>"; };
		33605DF126F06AA400D9EAAA /* DividerView.swift */ = {isa = PBXFileReference; lastKnownFileType = sourcecode.swift; path = DividerView.swift; sourceTree = "<group>"; };
		33605DF326F06AC500D9EAAA /* RoundedCorners.swift */ = {isa = PBXFileReference; lastKnownFileType = sourcecode.swift; path = RoundedCorners.swift; sourceTree = "<group>"; };
		33605DF626F06B0D00D9EAAA /* AccurateSubtraction.swift */ = {isa = PBXFileReference; lastKnownFileType = sourcecode.swift; path = AccurateSubtraction.swift; sourceTree = "<group>"; };
		33605DF826F06B4F00D9EAAA /* KeyboardHidingExtension.swift */ = {isa = PBXFileReference; lastKnownFileType = sourcecode.swift; path = KeyboardHidingExtension.swift; sourceTree = "<group>"; };
		33605DFA26F06B8400D9EAAA /* PurchasedItemModel.swift */ = {isa = PBXFileReference; lastKnownFileType = sourcecode.swift; path = PurchasedItemModel.swift; sourceTree = "<group>"; };
		33605DFC26F06BB900D9EAAA /* PurchaseData.swift */ = {isa = PBXFileReference; lastKnownFileType = sourcecode.swift; path = PurchaseData.swift; sourceTree = "<group>"; };
		33605DFE26F06BCF00D9EAAA /* PurchaseOption.swift */ = {isa = PBXFileReference; lastKnownFileType = sourcecode.swift; path = PurchaseOption.swift; sourceTree = "<group>"; };
		33605E0026F06BE600D9EAAA /* GlobalVariables.swift */ = {isa = PBXFileReference; lastKnownFileType = sourcecode.swift; path = GlobalVariables.swift; sourceTree = "<group>"; };
		5B0FFD7593D1DEF9A9867DAC /* Pods-ReformFIT.debug.xcconfig */ = {isa = PBXFileReference; includeInIndex = 1; lastKnownFileType = text.xcconfig; name = "Pods-ReformFIT.debug.xcconfig"; path = "Target Support Files/Pods-ReformFIT/Pods-ReformFIT.debug.xcconfig"; sourceTree = "<group>"; };
		DF2E11E657F4785E647E430D /* Pods-ReformFIT.release.xcconfig */ = {isa = PBXFileReference; includeInIndex = 1; lastKnownFileType = text.xcconfig; name = "Pods-ReformFIT.release.xcconfig"; path = "Target Support Files/Pods-ReformFIT/Pods-ReformFIT.release.xcconfig"; sourceTree = "<group>"; };
/* End PBXFileReference section */

/* Begin PBXFrameworksBuildPhase section */
		092D99DD26A668CA006DC5FE /* Frameworks */ = {
			isa = PBXFrameworksBuildPhase;
			buildActionMask = 2147483647;
			files = (
				0EBFCC8FA84CC71C7B43F3FA /* Pods_ReformFIT.framework in Frameworks */,
			);
			runOnlyForDeploymentPostprocessing = 0;
		};
/* End PBXFrameworksBuildPhase section */

/* Begin PBXGroup section */
		090E1B0426EB9B3C0016CF09 /* VisitHistory */ = {
			isa = PBXGroup;
			children = (
				09A2B74F26D833140088AFE0 /* VisitHistoryResouce.swift */,
				09A2B75226D8338E0088AFE0 /* WaitlistEntriesResource.swift */,
				09A2B75426D833BA0088AFE0 /* WaitlistEntriesOrderResource.swift */,
				09A2B75626D83CD50088AFE0 /* ClassHistoryResource.swift */,
				09A2B75826D844EF0088AFE0 /* RefreshingProgressViewModel.swift */,
				090E5A5226D95F1400EC6F9A /* RefreshingHistoryViewModel.swift */,
			);
			path = VisitHistory;
			sourceTree = "<group>";
		};
		090E1B0526EB9B6D0016CF09 /* BottomSheetFunc */ = {
			isa = PBXGroup;
			children = (
				090E1B0626EB9BD20016CF09 /* RemoveClientFromClassResource.swift */,
				090E1B0826EB9C330016CF09 /* RemoveClientFromClassViewModel.swift */,
				090E1B0A26EBAA2E0016CF09 /* RemoveFromWaitlistResource.swift */,
				090E1B0C26EBAA4E0016CF09 /* RemoveFromWaitlistViewModel.swift */,
			);
			path = BottomSheetFunc;
			sourceTree = "<group>";
		};
		090E1B0E26EBBDC20016CF09 /* ServiceInfo */ = {
			isa = PBXGroup;
			children = (
				090E1B1726EBBE7C0016CF09 /* Service1Info.swift */,
				090E1B1926EBBE880016CF09 /* Service2Info.swift */,
				090E1B1B26EBBE930016CF09 /* Service3Info.swift */,
				090E1B1D26EBBE9E0016CF09 /* Service4Info.swift */,
			);
			path = ServiceInfo;
			sourceTree = "<group>";
		};
		090E5A5426D96EF300EC6F9A /* ProfilePage */ = {
			isa = PBXGroup;
			children = (
				090E5A5526D96F4400EC6F9A /* PhoneNumResource.swift */,
				098F6B9A26DEF0B6003D0FA8 /* PhoneNumViewModel.swift */,
				098F6B9C26DFDD34003D0FA8 /* GenderResource.swift */,
				098F6B9E26DFDD46003D0FA8 /* GenderViewModel.swift */,
				098F6BA026DFDF8B003D0FA8 /* BirthDateResource.swift */,
				098F6BA226DFDF99003D0FA8 /* BirthDateViewModel.swift */,
				098F6BA426DFDFAB003D0FA8 /* HeightResource.swift */,
				098F6BA626DFDFBB003D0FA8 /* HeightViewModel.swift */,
				098F6BA826DFDFC5003D0FA8 /* WeightResource.swift */,
				098F6BAA26DFDFD2003D0FA8 /* WeightViewModel.swift */,
				098F6BAC26DFDFDE003D0FA8 /* PostalCodeResource.swift */,
				098F6BAE26DFDFEA003D0FA8 /* PostalCodeViewModel.swift */,
			);
			path = ProfilePage;
			sourceTree = "<group>";
		};
		09244BCD26BB5C0200D34DC0 /* MineMain */ = {
			isa = PBXGroup;
			children = (
				090E5A5426D96EF300EC6F9A /* ProfilePage */,
				09A2B74E26D832E50088AFE0 /* MineMain3 */,
				09244BD126BB5C3400D34DC0 /* MineMain1 */,
				09244BCE26BB5C2300D34DC0 /* MineMain1.swift */,
				09244BD226BB5C5100D34DC0 /* MineMain3.swift */,
				09244BD426BB5C6A00D34DC0 /* ProfilePage.swift */,
			);
			path = MineMain;
			sourceTree = "<group>";
		};
		09244BD126BB5C3400D34DC0 /* MineMain1 */ = {
			isa = PBXGroup;
			children = (
				09471CA826E7B4EC00041891 /* WristBandNumResource.swift */,
				09471CAA26E7B4FF00041891 /* WristBandNumViewModel.swift */,
			);
			path = MineMain1;
			sourceTree = "<group>";
		};
		092D99D726A668CA006DC5FE = {
			isa = PBXGroup;
			children = (
				092D99E226A668CA006DC5FE /* ReformFIT */,
				092D99E126A668CA006DC5FE /* Products */,
				3EA6E2F81755ABF1F2DC5FEF /* Pods */,
				172957C3C694D2684A9140A6 /* Frameworks */,
			);
			sourceTree = "<group>";
		};
		092D99E126A668CA006DC5FE /* Products */ = {
			isa = PBXGroup;
			children = (
				092D99E026A668CA006DC5FE /* ReformFIT.app */,
			);
			name = Products;
			sourceTree = "<group>";
		};
		092D99E226A668CA006DC5FE /* ReformFIT */ = {
			isa = PBXGroup;
			children = (
				33605D6C26F0426E00D9EAAA /* 1 Expanded functionalities */,
				33605D8F26F04F4000D9EAAA /* MindbodyNetworkRequest1 */,
				09A2B74326D6C7B00088AFE0 /* Login_up */,
				0957A53D26CB2034007BB1CE /* classInfoEx.json */,
				09244BCD26BB5C0200D34DC0 /* MineMain */,
				0961DED226B9BFB40077341F /* ClassMain2 */,
				0961DED126B9BA330077341F /* LocationMain */,
				33605DBF26F0640900D9EAAA /* Purchases Views 1 */,
				092D99FF26B0529D006DC5FE /* MineTab */,
				092D99F826AF73FA006DC5FE /* MainTab */,
				092D99E326A668CA006DC5FE /* ReformFITApp.swift */,
				092D99E726A668D4006DC5FE /* Assets.xcassets */,
				092D99EC26A668D4006DC5FE /* Info.plist */,
				092D99E926A668D4006DC5FE /* Preview Content */,
				092D99FD26AFAED8006DC5FE /* Main.swift */,
				09244BD626BC513D00D34DC0 /* TopBar.swift */,
				0957A53926CADF91007BB1CE /* AsyncImage.swift */,
				0957A53E26CDC759007BB1CE /* GlobalVariable.swift */,
				09A2B73F26D5B1E10088AFE0 /* GoogleService-Info.plist */,
				098F6B9426DE5C17003D0FA8 /* ToastMessage.swift */,
				098F6B9626DEC777003D0FA8 /* CheckView.swift */,
				09471CB726E904B900041891 /* Trapezoid.swift */,
			);
			path = ReformFIT;
			sourceTree = "<group>";
		};
		092D99E926A668D4006DC5FE /* Preview Content */ = {
			isa = PBXGroup;
			children = (
				092D99EA26A668D4006DC5FE /* Preview Assets.xcassets */,
			);
			path = "Preview Content";
			sourceTree = "<group>";
		};
		092D99F826AF73FA006DC5FE /* MainTab */ = {
			isa = PBXGroup;
			children = (
				092D99E526A668CA006DC5FE /* LocationMain.swift */,
				092D99F626AF73F0006DC5FE /* SocialMain.swift */,
				092D99F926AF741B006DC5FE /* VideoMain.swift */,
				092D99FB26AF7429006DC5FE /* ClassMain.swift */,
			);
			path = MainTab;
			sourceTree = "<group>";
		};
		092D99FF26B0529D006DC5FE /* MineTab */ = {
			isa = PBXGroup;
			children = (
				092D9A0026B052B1006DC5FE /* MineMain.swift */,
			);
			path = MineTab;
			sourceTree = "<group>";
		};
		0961DED126B9BA330077341F /* LocationMain */ = {
			isa = PBXGroup;
			children = (
				090E1B0E26EBBDC20016CF09 /* ServiceInfo */,
				092D9A0226B1CE63006DC5FE /* LocationInfo.swift */,
				0961DED726B9C8E90077341F /* LocationResource.swift */,
				0961DED926B9CEEE0077341F /* LocationViewModel.swift */,
			);
			path = LocationMain;
			sourceTree = "<group>";
		};
		0961DED226B9BFB40077341F /* ClassMain2 */ = {
			isa = PBXGroup;
			children = (
				0961DED526B9BFFB0077341F /* ClassInfo.swift */,
				0961DEDB26B9F6510077341F /* ClassResourse.swift */,
				09244BCB26BB317D00D34DC0 /* ClassViewModel.swift */,
				09244BD826BC8D7600D34DC0 /* ClassMain2.swift */,
				098A07F626C4AEA5004CDB24 /* ClassMainTab1.swift */,
				098A07F826C4AEB4004CDB24 /* ClassMainTab2.swift */,
				098A080226C61471004CDB24 /* PrivateTrainerInfo.swift */,
				0957A54026CDD601007BB1CE /* AddClientResouce.swift */,
				0957A54226CDD612007BB1CE /* AddClientViewModel.swift */,
			);
			path = ClassMain2;
			sourceTree = "<group>";
		};
		09A2B74326D6C7B00088AFE0 /* Login_up */ = {
			isa = PBXGroup;
			children = (
				9E72F5D48A6ABFBD6A8041B7 /* Pods */,
				09A2B74626D6F4540088AFE0 /* SignupResource.swift */,
				09A2B74826D6F4720088AFE0 /* SignupViewModel.swift */,
				09A2B74A26D713DF0088AFE0 /* SigninViewModel.swift */,
				09A2B74C26D713FE0088AFE0 /* SigninResource.swift */,
			);
			path = Login_up;
			sourceTree = "<group>";
		};
		09A2B74E26D832E50088AFE0 /* MineMain3 */ = {
			isa = PBXGroup;
			children = (
				090E1B0526EB9B6D0016CF09 /* BottomSheetFunc */,
				090E1B0426EB9B3C0016CF09 /* VisitHistory */,
			);
			path = MineMain3;
			sourceTree = "<group>";
		};
		172957C3C694D2684A9140A6 /* Frameworks */ = {
			isa = PBXGroup;
			children = (
				10657C8EEA58E6F6F0426C68 /* Pods_ReformFIT.framework */,
			);
			name = Frameworks;
			sourceTree = "<group>";
		};
		33605D6C26F0426E00D9EAAA /* 1 Expanded functionalities */ = {
			isa = PBXGroup;
			children = (
				33605D8426F04A4900D9EAAA /* CalculatorViews */,
				33605D6D26F042A200D9EAAA /* Blogs */,
			);
			path = "1 Expanded functionalities";
			sourceTree = "<group>";
		};
		33605D6D26F042A200D9EAAA /* Blogs */ = {
			isa = PBXGroup;
			children = (
				33605D7026F0460600D9EAAA /* Blog1View.swift */,
				33605D7226F0462D00D9EAAA /* Blog2View.swift */,
				33605D7426F0465300D9EAAA /* Blog3View.swift */,
				33605D7626F0467400D9EAAA /* Blog4View.swift */,
				33605D7826F0472200D9EAAA /* Blog5View.swift */,
				33605D6E26F0448400D9EAAA /* Blog6View.swift */,
				33605D7A26F0474600D9EAAA /* Blog7View.swift */,
				33605D7C26F0477300D9EAAA /* BlogPage.swift */,
			);
			path = Blogs;
			sourceTree = "<group>";
		};
		33605D8426F04A4900D9EAAA /* CalculatorViews */ = {
			isa = PBXGroup;
			children = (
				33605D7E26F0492A00D9EAAA /* TDEECalculatorView.swift */,
				33605D8226F0498C00D9EAAA /* BMRCalculatorView.swift */,
				33605D8026F0495000D9EAAA /* BMICalculatorView.swift */,
				33605D8526F04BD200D9EAAA /* TDEECalculationManager.swift */,
				33605D8726F04C2E00D9EAAA /* BMRCalculationManager.swift */,
				33605D8926F04C5C00D9EAAA /* BMICalculationManager.swift */,
				33605D8B26F04C9D00D9EAAA /* BMRCalculatorModel.swift */,
				33605D8D26F04CBE00D9EAAA /* BMICalculatorModel.swift */,
			);
			path = CalculatorViews;
			sourceTree = "<group>";
		};
		33605D8F26F04F4000D9EAAA /* MindbodyNetworkRequest1 */ = {
			isa = PBXGroup;
			children = (
				33605DAB26F060BB00D9EAAA /* AccessTokenInitializer.swift */,
				33605DAD26F060F500D9EAAA /* ContractPurchaseManager.swift */,
				33605DAF26F0612200D9EAAA /* ContractPurchaseViewModel.swift */,
				33605DB126F0621300D9EAAA /* ErrorResponse.swift */,
				33605DB326F0622E00D9EAAA /* MindbodyAPIRequest.swift */,
				33605DB526F0625F00D9EAAA /* NetworkRequest.swift */,
				33605DB726F0627700D9EAAA /* ResponseType.swift */,
				33605DB926F0629500D9EAAA /* ServicePurchaseViewModel.swift */,
				33605DBB26F062C200D9EAAA /* ShoppingCartManager.swift */,
				33605DBD26F0635E00D9EAAA /* PaymentPurchaseHistoryManager.swift */,
				33605D9026F0509F00D9EAAA /* Mindbody API Resources */,
			);
			path = MindbodyNetworkRequest1;
			sourceTree = "<group>";
		};
		33605D9026F0509F00D9EAAA /* Mindbody API Resources */ = {
			isa = PBXGroup;
			children = (
				33605D9226F0538800D9EAAA /* client credit card response request */,
				33605D9126F050F500D9EAAA /* direct debit response request  */,
				33605D9B26F05F4C00D9EAAA /* AccessTokenResource.swift */,
				33605D9D26F05F8A00D9EAAA /* PurchaseHistoryResource.swift */,
				33605D9F26F05FA700D9EAAA /* ContractPurchaseResource.swift */,
				33605DA126F05FC100D9EAAA /* ContractResource.swift */,
				33605DA326F05FE800D9EAAA /* GiftCardBalanceResource.swift */,
				33605DA526F0600200D9EAAA /* MindbodyAPIResource.swift */,
				33605DA726F0602B00D9EAAA /* ServiceResource.swift */,
				33605DA926F0607E00D9EAAA /* ShoppingCartResource.swift */,
			);
			path = "Mindbody API Resources";
			sourceTree = "<group>";
		};
		33605D9126F050F500D9EAAA /* direct debit response request  */ = {
			isa = PBXGroup;
			children = (
				33605D9726F05E3800D9EAAA /* GetClientCreditCardResource.swift */,
				33605D9926F05E7A00D9EAAA /* UpdateCreditCardResource.swift */,
			);
			path = "direct debit response request ";
			sourceTree = "<group>";
		};
		33605D9226F0538800D9EAAA /* client credit card response request */ = {
			isa = PBXGroup;
			children = (
				33605D9326F05DEB00D9EAAA /* GetClientDirectDebitResource.swift */,
				33605D9526F05E1300D9EAAA /* UpdateClientDIrectDebitResource.swift */,
			);
			path = "client credit card response request";
			sourceTree = "<group>";
		};
		33605DBF26F0640900D9EAAA /* Purchases Views 1 */ = {
			isa = PBXGroup;
			children = (
				33605DCF26F0676E00D9EAAA /* display of groupclass purchase detail */,
				33605DC826F0666F00D9EAAA /* display of options */,
				33605DC326F065B800D9EAAA /* display of private lesson purchase detail */,
				33605DC026F0644200D9EAAA /* PurchaseHistoryPage */,
				33605DD426F067DB00D9EAAA /* supplementary */,
			);
			path = "Purchases Views 1";
			sourceTree = "<group>";
		};
		33605DC026F0644200D9EAAA /* PurchaseHistoryPage */ = {
			isa = PBXGroup;
			children = (
				33605DC126F0658400D9EAAA /* PaymentPurchaseHistoryPage.swift */,
			);
			path = PurchaseHistoryPage;
			sourceTree = "<group>";
		};
		33605DC326F065B800D9EAAA /* display of private lesson purchase detail */ = {
			isa = PBXGroup;
			children = (
				33605DC426F065F400D9EAAA /* PrivateLessonPurchasingPage.swift */,
				33605DC626F0663B00D9EAAA /* CompPrepPurchasingPage.swift */,
			);
			path = "display of private lesson purchase detail";
			sourceTree = "<group>";
		};
		33605DC826F0666F00D9EAAA /* display of options */ = {
			isa = PBXGroup;
			children = (
				33605DC926F066E600D9EAAA /* PrivateLessonPurchasePreviews.swift */,
				33605DCB26F0670500D9EAAA /* PurchaseTabsView.swift */,
				33605DCD26F0673300D9EAAA /* GroupClassPurchasePreviews.swift */,
			);
			path = "display of options";
			sourceTree = "<group>";
		};
		33605DCF26F0676E00D9EAAA /* display of groupclass purchase detail */ = {
			isa = PBXGroup;
			children = (
				33605DD026F0679A00D9EAAA /* ContractPurchasingPage.swift */,
				33605DD226F067BC00D9EAAA /* PassPurchasingPage.swift */,
			);
			path = "display of groupclass purchase detail";
			sourceTree = "<group>";
		};
		33605DD426F067DB00D9EAAA /* supplementary */ = {
			isa = PBXGroup;
			children = (
				33605DF526F06AED00D9EAAA /* data and logic  */,
				33605DDC26F068CE00D9EAAA /* suplementary views */,
				33605DD526F0681200D9EAAA /* KeyBoardAvoider */,
			);
			path = supplementary;
			sourceTree = "<group>";
		};
		33605DD526F0681200D9EAAA /* KeyBoardAvoider */ = {
			isa = PBXGroup;
			children = (
				33605DD626F0682D00D9EAAA /* KeyboardAvoider.swift */,
				33605DD826F0685100D9EAAA /* KeyboardAvoidancePreference.swift */,
				33605DDA26F068A000D9EAAA /* KeyboardAvoiding.swift */,
			);
			path = KeyBoardAvoider;
			sourceTree = "<group>";
		};
		33605DDC26F068CE00D9EAAA /* suplementary views */ = {
			isa = PBXGroup;
			children = (
				33605DDD26F068F300D9EAAA /* OfficialCalendar.swift */,
				33605DDF26F0692400D9EAAA /* CheckBoxView.swift */,
				33605DE126F0693E00D9EAAA /* CollapseTextExample.swift */,
				33605DE326F0697F00D9EAAA /* LoadingScreen.swift */,
				33605DE526F069A400D9EAAA /* RadioGroupButton.swift */,
				33605DE726F069D800D9EAAA /* tableItem.swift */,
				33605DE926F06A0700D9EAAA /* TestSelectorOverlap.swift */,
				33605DEB26F06A2800D9EAAA /* WebView.swift */,
				33605DED26F06A4B00D9EAAA /* BottomSheetView.swift */,
				33605DEF26F06A8C00D9EAAA /* ModalDialogView.swift */,
				33605DF126F06AA400D9EAAA /* DividerView.swift */,
				33605DF326F06AC500D9EAAA /* RoundedCorners.swift */,
			);
			path = "suplementary views";
			sourceTree = "<group>";
		};
		33605DF526F06AED00D9EAAA /* data and logic  */ = {
			isa = PBXGroup;
			children = (
				33605DF626F06B0D00D9EAAA /* AccurateSubtraction.swift */,
				33605DF826F06B4F00D9EAAA /* KeyboardHidingExtension.swift */,
				33605DFA26F06B8400D9EAAA /* PurchasedItemModel.swift */,
				33605DFC26F06BB900D9EAAA /* PurchaseData.swift */,
				33605DFE26F06BCF00D9EAAA /* PurchaseOption.swift */,
				33605E0026F06BE600D9EAAA /* GlobalVariables.swift */,
			);
			path = "data and logic ";
			sourceTree = "<group>";
		};
		3EA6E2F81755ABF1F2DC5FEF /* Pods */ = {
			isa = PBXGroup;
			children = (
				5B0FFD7593D1DEF9A9867DAC /* Pods-ReformFIT.debug.xcconfig */,
				DF2E11E657F4785E647E430D /* Pods-ReformFIT.release.xcconfig */,
			);
			path = Pods;
			sourceTree = "<group>";
		};
		9E72F5D48A6ABFBD6A8041B7 /* Pods */ = {
			isa = PBXGroup;
			children = (
			);
			path = Pods;
			sourceTree = "<group>";
		};
/* End PBXGroup section */

/* Begin PBXNativeTarget section */
		092D99DF26A668CA006DC5FE /* ReformFIT */ = {
			isa = PBXNativeTarget;
			buildConfigurationList = 092D99EF26A668D4006DC5FE /* Build configuration list for PBXNativeTarget "ReformFIT" */;
			buildPhases = (
				EF9C7B6026E354D22FA9411D /* [CP] Check Pods Manifest.lock */,
				092D99DC26A668CA006DC5FE /* Sources */,
				092D99DD26A668CA006DC5FE /* Frameworks */,
				092D99DE26A668CA006DC5FE /* Resources */,
				081EA891E865D90674279FC8 /* [CP] Embed Pods Frameworks */,
			);
			buildRules = (
			);
			dependencies = (
			);
			name = ReformFIT;
			productName = ReformFIT;
			productReference = 092D99E026A668CA006DC5FE /* ReformFIT.app */;
			productType = "com.apple.product-type.application";
		};
/* End PBXNativeTarget section */

/* Begin PBXProject section */
		092D99D826A668CA006DC5FE /* Project object */ = {
			isa = PBXProject;
			attributes = {
				LastSwiftUpdateCheck = 1250;
				LastUpgradeCheck = 1250;
				TargetAttributes = {
					092D99DF26A668CA006DC5FE = {
						CreatedOnToolsVersion = 12.5;
					};
				};
			};
			buildConfigurationList = 092D99DB26A668CA006DC5FE /* Build configuration list for PBXProject "ReformFIT" */;
			compatibilityVersion = "Xcode 9.3";
			developmentRegion = en;
			hasScannedForEncodings = 0;
			knownRegions = (
				en,
				Base,
			);
			mainGroup = 092D99D726A668CA006DC5FE;
			productRefGroup = 092D99E126A668CA006DC5FE /* Products */;
			projectDirPath = "";
			projectRoot = "";
			targets = (
				092D99DF26A668CA006DC5FE /* ReformFIT */,
			);
		};
/* End PBXProject section */

/* Begin PBXResourcesBuildPhase section */
		092D99DE26A668CA006DC5FE /* Resources */ = {
			isa = PBXResourcesBuildPhase;
			buildActionMask = 2147483647;
			files = (
				092D99EB26A668D4006DC5FE /* Preview Assets.xcassets in Resources */,
				092D99E826A668D4006DC5FE /* Assets.xcassets in Resources */,
				09A2B74026D5B1E10088AFE0 /* GoogleService-Info.plist in Resources */,
			);
			runOnlyForDeploymentPostprocessing = 0;
		};
/* End PBXResourcesBuildPhase section */

/* Begin PBXShellScriptBuildPhase section */
		081EA891E865D90674279FC8 /* [CP] Embed Pods Frameworks */ = {
			isa = PBXShellScriptBuildPhase;
			buildActionMask = 2147483647;
			files = (
			);
			inputFileListPaths = (
				"${PODS_ROOT}/Target Support Files/Pods-ReformFIT/Pods-ReformFIT-frameworks-${CONFIGURATION}-input-files.xcfilelist",
			);
			name = "[CP] Embed Pods Frameworks";
			outputFileListPaths = (
				"${PODS_ROOT}/Target Support Files/Pods-ReformFIT/Pods-ReformFIT-frameworks-${CONFIGURATION}-output-files.xcfilelist",
			);
			runOnlyForDeploymentPostprocessing = 0;
			shellPath = /bin/sh;
			shellScript = "\"${PODS_ROOT}/Target Support Files/Pods-ReformFIT/Pods-ReformFIT-frameworks.sh\"\n";
			showEnvVarsInLog = 0;
		};
		EF9C7B6026E354D22FA9411D /* [CP] Check Pods Manifest.lock */ = {
			isa = PBXShellScriptBuildPhase;
			buildActionMask = 2147483647;
			files = (
			);
			inputFileListPaths = (
			);
			inputPaths = (
				"${PODS_PODFILE_DIR_PATH}/Podfile.lock",
				"${PODS_ROOT}/Manifest.lock",
			);
			name = "[CP] Check Pods Manifest.lock";
			outputFileListPaths = (
			);
			outputPaths = (
				"$(DERIVED_FILE_DIR)/Pods-ReformFIT-checkManifestLockResult.txt",
			);
			runOnlyForDeploymentPostprocessing = 0;
			shellPath = /bin/sh;
			shellScript = "diff \"${PODS_PODFILE_DIR_PATH}/Podfile.lock\" \"${PODS_ROOT}/Manifest.lock\" > /dev/null\nif [ $? != 0 ] ; then\n    # print error to STDERR\n    echo \"error: The sandbox is not in sync with the Podfile.lock. Run 'pod install' or update your CocoaPods installation.\" >&2\n    exit 1\nfi\n# This output is used by Xcode 'outputs' to avoid re-running this script phase.\necho \"SUCCESS\" > \"${SCRIPT_OUTPUT_FILE_0}\"\n";
			showEnvVarsInLog = 0;
		};
/* End PBXShellScriptBuildPhase section */

/* Begin PBXSourcesBuildPhase section */
		092D99DC26A668CA006DC5FE /* Sources */ = {
			isa = PBXSourcesBuildPhase;
			buildActionMask = 2147483647;
			files = (
				33605D8826F04C2E00D9EAAA /* BMRCalculationManager.swift in Sources */,
				33605DE826F069D800D9EAAA /* tableItem.swift in Sources */,
				33605DBC26F062C200D9EAAA /* ShoppingCartManager.swift in Sources */,
				0957A53A26CADF91007BB1CE /* AsyncImage.swift in Sources */,
				098F6B9F26DFDD46003D0FA8 /* GenderViewModel.swift in Sources */,
				090E1B1C26EBBE930016CF09 /* Service3Info.swift in Sources */,
				33605DC226F0658400D9EAAA /* PaymentPurchaseHistoryPage.swift in Sources */,
				33605D8E26F04CBE00D9EAAA /* BMICalculatorModel.swift in Sources */,
				0961DEDC26B9F6510077341F /* ClassResourse.swift in Sources */,
				33605DA826F0602B00D9EAAA /* ServiceResource.swift in Sources */,
				09A2B74726D6F4550088AFE0 /* SignupResource.swift in Sources */,
				098F6BA726DFDFBB003D0FA8 /* HeightViewModel.swift in Sources */,
				33605DE426F0697F00D9EAAA /* LoadingScreen.swift in Sources */,
				0961DED826B9C8E90077341F /* LocationResource.swift in Sources */,
				092D99FA26AF741B006DC5FE /* VideoMain.swift in Sources */,
				09244BD326BB5C5100D34DC0 /* MineMain3.swift in Sources */,
				33605DE026F0692400D9EAAA /* CheckBoxView.swift in Sources */,
				33605DAA26F0607E00D9EAAA /* ShoppingCartResource.swift in Sources */,
				33605DFB26F06B8400D9EAAA /* PurchasedItemModel.swift in Sources */,
				33605D9C26F05F4C00D9EAAA /* AccessTokenResource.swift in Sources */,
				33605DBA26F0629500D9EAAA /* ServicePurchaseViewModel.swift in Sources */,
				090E1B0926EB9C330016CF09 /* RemoveClientFromClassViewModel.swift in Sources */,
				09471CAB26E7B4FF00041891 /* WristBandNumViewModel.swift in Sources */,
				33605DC526F065F400D9EAAA /* PrivateLessonPurchasingPage.swift in Sources */,
				0957A54326CDD612007BB1CE /* AddClientViewModel.swift in Sources */,
				09244BD726BC513D00D34DC0 /* TopBar.swift in Sources */,
				09A2B75526D833BA0088AFE0 /* WaitlistEntriesOrderResource.swift in Sources */,
				33605DD326F067BC00D9EAAA /* PassPurchasingPage.swift in Sources */,
				092D99E626A668CA006DC5FE /* LocationMain.swift in Sources */,
				33605DF426F06AC500D9EAAA /* RoundedCorners.swift in Sources */,
				33605DCE26F0673300D9EAAA /* GroupClassPurchasePreviews.swift in Sources */,
				090E1B0726EB9BD20016CF09 /* RemoveClientFromClassResource.swift in Sources */,
				33605DEC26F06A2800D9EAAA /* WebView.swift in Sources */,
				33605DFD26F06BB900D9EAAA /* PurchaseData.swift in Sources */,
				33605DFF26F06BCF00D9EAAA /* PurchaseOption.swift in Sources */,
				098F6B9B26DEF0B6003D0FA8 /* PhoneNumViewModel.swift in Sources */,
				092D9A0326B1CE63006DC5FE /* LocationInfo.swift in Sources */,
				09A2B75926D844EF0088AFE0 /* RefreshingProgressViewModel.swift in Sources */,
				092D99E426A668CA006DC5FE /* ReformFITApp.swift in Sources */,
				33605D9426F05DEC00D9EAAA /* GetClientDirectDebitResource.swift in Sources */,
				09471CB826E904B900041891 /* Trapezoid.swift in Sources */,
				098F6B9D26DFDD34003D0FA8 /* GenderResource.swift in Sources */,
				33605DDE26F068F300D9EAAA /* OfficialCalendar.swift in Sources */,
				090E1B0B26EBAA2E0016CF09 /* RemoveFromWaitlistResource.swift in Sources */,
				33605DF726F06B0D00D9EAAA /* AccurateSubtraction.swift in Sources */,
				33605DAE26F060F500D9EAAA /* ContractPurchaseManager.swift in Sources */,
				092D9A0126B052B1006DC5FE /* MineMain.swift in Sources */,
				33605DEA26F06A0700D9EAAA /* TestSelectorOverlap.swift in Sources */,
				33605DD926F0685100D9EAAA /* KeyboardAvoidancePreference.swift in Sources */,
				33605DC726F0663B00D9EAAA /* CompPrepPurchasingPage.swift in Sources */,
				0957A54126CDD601007BB1CE /* AddClientResouce.swift in Sources */,
				09471CA926E7B4EC00041891 /* WristBandNumResource.swift in Sources */,
				09A2B74D26D713FE0088AFE0 /* SigninResource.swift in Sources */,
				33605D7126F0460600D9EAAA /* Blog1View.swift in Sources */,
				090E1B1826EBBE7C0016CF09 /* Service1Info.swift in Sources */,
				33605D7326F0462D00D9EAAA /* Blog2View.swift in Sources */,
				33605D7F26F0492A00D9EAAA /* TDEECalculatorView.swift in Sources */,
				33605D7526F0465300D9EAAA /* Blog3View.swift in Sources */,
				33605DF926F06B4F00D9EAAA /* KeyboardHidingExtension.swift in Sources */,
				33605D7726F0467400D9EAAA /* Blog4View.swift in Sources */,
				33605DA026F05FA700D9EAAA /* ContractPurchaseResource.swift in Sources */,
				33605D7926F0472200D9EAAA /* Blog5View.swift in Sources */,
				092D99F726AF73F0006DC5FE /* SocialMain.swift in Sources */,
				33605D7B26F0474600D9EAAA /* Blog7View.swift in Sources */,
				09A2B75326D8338E0088AFE0 /* WaitlistEntriesResource.swift in Sources */,
				33605D6F26F0448400D9EAAA /* Blog6View.swift in Sources */,
				0961DEDA26B9CEEE0077341F /* LocationViewModel.swift in Sources */,
				33605D8626F04BD200D9EAAA /* TDEECalculationManager.swift in Sources */,
				09A2B75026D833170088AFE0 /* VisitHistoryResouce.swift in Sources */,
				33605DB626F0625F00D9EAAA /* NetworkRequest.swift in Sources */,
				092D99FE26AFAED8006DC5FE /* Main.swift in Sources */,
				33605DCA26F066E600D9EAAA /* PrivateLessonPurchasePreviews.swift in Sources */,
				33605DD126F0679A00D9EAAA /* ContractPurchasingPage.swift in Sources */,
				33605DF026F06A8C00D9EAAA /* ModalDialogView.swift in Sources */,
				092D99FC26AF7429006DC5FE /* ClassMain.swift in Sources */,
				33605D9826F05E3800D9EAAA /* GetClientCreditCardResource.swift in Sources */,
				33605DE626F069A400D9EAAA /* RadioGroupButton.swift in Sources */,
				33605DB226F0621300D9EAAA /* ErrorResponse.swift in Sources */,
				098F6BA926DFDFC5003D0FA8 /* WeightResource.swift in Sources */,
				33605DF226F06AA400D9EAAA /* DividerView.swift in Sources */,
				0961DED626B9BFFB0077341F /* ClassInfo.swift in Sources */,
				33605DA626F0600200D9EAAA /* MindbodyAPIResource.swift in Sources */,
				090E5A5626D96F4400EC6F9A /* PhoneNumResource.swift in Sources */,
				33605DAC26F060BB00D9EAAA /* AccessTokenInitializer.swift in Sources */,
				33605D9626F05E1300D9EAAA /* UpdateClientDIrectDebitResource.swift in Sources */,
				33605DCC26F0670500D9EAAA /* PurchaseTabsView.swift in Sources */,
				33605DDB26F068A000D9EAAA /* KeyboardAvoiding.swift in Sources */,
				09244BD926BC8D7700D34DC0 /* ClassMain2.swift in Sources */,
				33605D8C26F04C9D00D9EAAA /* BMRCalculatorModel.swift in Sources */,
				098F6B9726DEC777003D0FA8 /* CheckView.swift in Sources */,
				33605E0126F06BE600D9EAAA /* GlobalVariables.swift in Sources */,
				090E1B1A26EBBE880016CF09 /* Service2Info.swift in Sources */,
				09A2B75726D83CD50088AFE0 /* ClassHistoryResource.swift in Sources */,
				098A080326C61471004CDB24 /* PrivateTrainerInfo.swift in Sources */,
				09A2B74926D6F4720088AFE0 /* SignupViewModel.swift in Sources */,
				098A07F726C4AEA5004CDB24 /* ClassMainTab1.swift in Sources */,
				09244BD526BB5C6A00D34DC0 /* ProfilePage.swift in Sources */,
				090E5A5326D95F1400EC6F9A /* RefreshingHistoryViewModel.swift in Sources */,
				09244BCC26BB317D00D34DC0 /* ClassViewModel.swift in Sources */,
				33605DB826F0627700D9EAAA /* ResponseType.swift in Sources */,
				098F6BAF26DFDFEA003D0FA8 /* PostalCodeViewModel.swift in Sources */,
				09A2B74B26D713E10088AFE0 /* SigninViewModel.swift in Sources */,
				090E1B1E26EBBE9E0016CF09 /* Service4Info.swift in Sources */,
				33605DE226F0693E00D9EAAA /* CollapseTextExample.swift in Sources */,
				098F6BA526DFDFAB003D0FA8 /* HeightResource.swift in Sources */,
				098F6BAD26DFDFDE003D0FA8 /* PostalCodeResource.swift in Sources */,
				33605DBE26F0635E00D9EAAA /* PaymentPurchaseHistoryManager.swift in Sources */,
				098F6BAB26DFDFD2003D0FA8 /* WeightViewModel.swift in Sources */,
				33605DD726F0682D00D9EAAA /* KeyboardAvoider.swift in Sources */,
				33605D7D26F0477300D9EAAA /* BlogPage.swift in Sources */,
				33605DA426F05FE800D9EAAA /* GiftCardBalanceResource.swift in Sources */,
				098F6B9526DE5C18003D0FA8 /* ToastMessage.swift in Sources */,
				33605DB426F0622E00D9EAAA /* MindbodyAPIRequest.swift in Sources */,
				098A07F926C4AEB4004CDB24 /* ClassMainTab2.swift in Sources */,
				33605D9E26F05F8A00D9EAAA /* PurchaseHistoryResource.swift in Sources */,
				33605D8126F0495000D9EAAA /* BMICalculatorView.swift in Sources */,
				0957A53F26CDC75A007BB1CE /* GlobalVariable.swift in Sources */,
				33605D8326F0498C00D9EAAA /* BMRCalculatorView.swift in Sources */,
				33605DA226F05FC100D9EAAA /* ContractResource.swift in Sources */,
				33605D8A26F04C5C00D9EAAA /* BMICalculationManager.swift in Sources */,
				33605DEE26F06A4B00D9EAAA /* BottomSheetView.swift in Sources */,
				33605D9A26F05E7A00D9EAAA /* UpdateCreditCardResource.swift in Sources */,
				098F6BA126DFDF8B003D0FA8 /* BirthDateResource.swift in Sources */,
				09244BCF26BB5C2300D34DC0 /* MineMain1.swift in Sources */,
				098F6BA326DFDF99003D0FA8 /* BirthDateViewModel.swift in Sources */,
				090E1B0D26EBAA4E0016CF09 /* RemoveFromWaitlistViewModel.swift in Sources */,
				33605DB026F0612200D9EAAA /* ContractPurchaseViewModel.swift in Sources */,
			);
			runOnlyForDeploymentPostprocessing = 0;
		};
/* End PBXSourcesBuildPhase section */

/* Begin XCBuildConfiguration section */
		092D99ED26A668D4006DC5FE /* Debug */ = {
			isa = XCBuildConfiguration;
			buildSettings = {
				ALWAYS_SEARCH_USER_PATHS = NO;
				CLANG_ANALYZER_NONNULL = YES;
				CLANG_ANALYZER_NUMBER_OBJECT_CONVERSION = YES_AGGRESSIVE;
				CLANG_CXX_LANGUAGE_STANDARD = "gnu++14";
				CLANG_CXX_LIBRARY = "libc++";
				CLANG_ENABLE_MODULES = YES;
				CLANG_ENABLE_OBJC_ARC = YES;
				CLANG_ENABLE_OBJC_WEAK = YES;
				CLANG_WARN_BLOCK_CAPTURE_AUTORELEASING = YES;
				CLANG_WARN_BOOL_CONVERSION = YES;
				CLANG_WARN_COMMA = YES;
				CLANG_WARN_CONSTANT_CONVERSION = YES;
				CLANG_WARN_DEPRECATED_OBJC_IMPLEMENTATIONS = YES;
				CLANG_WARN_DIRECT_OBJC_ISA_USAGE = YES_ERROR;
				CLANG_WARN_DOCUMENTATION_COMMENTS = YES;
				CLANG_WARN_EMPTY_BODY = YES;
				CLANG_WARN_ENUM_CONVERSION = YES;
				CLANG_WARN_INFINITE_RECURSION = YES;
				CLANG_WARN_INT_CONVERSION = YES;
				CLANG_WARN_NON_LITERAL_NULL_CONVERSION = YES;
				CLANG_WARN_OBJC_IMPLICIT_RETAIN_SELF = YES;
				CLANG_WARN_OBJC_LITERAL_CONVERSION = YES;
				CLANG_WARN_OBJC_ROOT_CLASS = YES_ERROR;
				CLANG_WARN_QUOTED_INCLUDE_IN_FRAMEWORK_HEADER = YES;
				CLANG_WARN_RANGE_LOOP_ANALYSIS = YES;
				CLANG_WARN_STRICT_PROTOTYPES = YES;
				CLANG_WARN_SUSPICIOUS_MOVE = YES;
				CLANG_WARN_UNGUARDED_AVAILABILITY = YES_AGGRESSIVE;
				CLANG_WARN_UNREACHABLE_CODE = YES;
				CLANG_WARN__DUPLICATE_METHOD_MATCH = YES;
				COPY_PHASE_STRIP = NO;
				DEBUG_INFORMATION_FORMAT = dwarf;
				ENABLE_STRICT_OBJC_MSGSEND = YES;
				ENABLE_TESTABILITY = YES;
				GCC_C_LANGUAGE_STANDARD = gnu11;
				GCC_DYNAMIC_NO_PIC = NO;
				GCC_NO_COMMON_BLOCKS = YES;
				GCC_OPTIMIZATION_LEVEL = 0;
				GCC_PREPROCESSOR_DEFINITIONS = (
					"DEBUG=1",
					"$(inherited)",
				);
				GCC_WARN_64_TO_32_BIT_CONVERSION = YES;
				GCC_WARN_ABOUT_RETURN_TYPE = YES_ERROR;
				GCC_WARN_UNDECLARED_SELECTOR = YES;
				GCC_WARN_UNINITIALIZED_AUTOS = YES_AGGRESSIVE;
				GCC_WARN_UNUSED_FUNCTION = YES;
				GCC_WARN_UNUSED_VARIABLE = YES;
				IPHONEOS_DEPLOYMENT_TARGET = 14.5;
				MTL_ENABLE_DEBUG_INFO = INCLUDE_SOURCE;
				MTL_FAST_MATH = YES;
				ONLY_ACTIVE_ARCH = YES;
				SDKROOT = iphoneos;
				SWIFT_ACTIVE_COMPILATION_CONDITIONS = DEBUG;
				SWIFT_OPTIMIZATION_LEVEL = "-Onone";
			};
			name = Debug;
		};
		092D99EE26A668D4006DC5FE /* Release */ = {
			isa = XCBuildConfiguration;
			buildSettings = {
				ALWAYS_SEARCH_USER_PATHS = NO;
				CLANG_ANALYZER_NONNULL = YES;
				CLANG_ANALYZER_NUMBER_OBJECT_CONVERSION = YES_AGGRESSIVE;
				CLANG_CXX_LANGUAGE_STANDARD = "gnu++14";
				CLANG_CXX_LIBRARY = "libc++";
				CLANG_ENABLE_MODULES = YES;
				CLANG_ENABLE_OBJC_ARC = YES;
				CLANG_ENABLE_OBJC_WEAK = YES;
				CLANG_WARN_BLOCK_CAPTURE_AUTORELEASING = YES;
				CLANG_WARN_BOOL_CONVERSION = YES;
				CLANG_WARN_COMMA = YES;
				CLANG_WARN_CONSTANT_CONVERSION = YES;
				CLANG_WARN_DEPRECATED_OBJC_IMPLEMENTATIONS = YES;
				CLANG_WARN_DIRECT_OBJC_ISA_USAGE = YES_ERROR;
				CLANG_WARN_DOCUMENTATION_COMMENTS = YES;
				CLANG_WARN_EMPTY_BODY = YES;
				CLANG_WARN_ENUM_CONVERSION = YES;
				CLANG_WARN_INFINITE_RECURSION = YES;
				CLANG_WARN_INT_CONVERSION = YES;
				CLANG_WARN_NON_LITERAL_NULL_CONVERSION = YES;
				CLANG_WARN_OBJC_IMPLICIT_RETAIN_SELF = YES;
				CLANG_WARN_OBJC_LITERAL_CONVERSION = YES;
				CLANG_WARN_OBJC_ROOT_CLASS = YES_ERROR;
				CLANG_WARN_QUOTED_INCLUDE_IN_FRAMEWORK_HEADER = YES;
				CLANG_WARN_RANGE_LOOP_ANALYSIS = YES;
				CLANG_WARN_STRICT_PROTOTYPES = YES;
				CLANG_WARN_SUSPICIOUS_MOVE = YES;
				CLANG_WARN_UNGUARDED_AVAILABILITY = YES_AGGRESSIVE;
				CLANG_WARN_UNREACHABLE_CODE = YES;
				CLANG_WARN__DUPLICATE_METHOD_MATCH = YES;
				COPY_PHASE_STRIP = NO;
				DEBUG_INFORMATION_FORMAT = "dwarf-with-dsym";
				ENABLE_NS_ASSERTIONS = NO;
				ENABLE_STRICT_OBJC_MSGSEND = YES;
				GCC_C_LANGUAGE_STANDARD = gnu11;
				GCC_NO_COMMON_BLOCKS = YES;
				GCC_WARN_64_TO_32_BIT_CONVERSION = YES;
				GCC_WARN_ABOUT_RETURN_TYPE = YES_ERROR;
				GCC_WARN_UNDECLARED_SELECTOR = YES;
				GCC_WARN_UNINITIALIZED_AUTOS = YES_AGGRESSIVE;
				GCC_WARN_UNUSED_FUNCTION = YES;
				GCC_WARN_UNUSED_VARIABLE = YES;
				IPHONEOS_DEPLOYMENT_TARGET = 14.5;
				MTL_ENABLE_DEBUG_INFO = NO;
				MTL_FAST_MATH = YES;
				SDKROOT = iphoneos;
				SWIFT_COMPILATION_MODE = wholemodule;
				SWIFT_OPTIMIZATION_LEVEL = "-O";
				VALIDATE_PRODUCT = YES;
			};
			name = Release;
		};
		092D99F026A668D4006DC5FE /* Debug */ = {
			isa = XCBuildConfiguration;
			baseConfigurationReference = 5B0FFD7593D1DEF9A9867DAC /* Pods-ReformFIT.debug.xcconfig */;
			buildSettings = {
				ASSETCATALOG_COMPILER_APPICON_NAME = AppIcon;
				ASSETCATALOG_COMPILER_GLOBAL_ACCENT_COLOR_NAME = AccentColor;
				CODE_SIGN_STYLE = Automatic;
				DEVELOPMENT_ASSET_PATHS = "\"ReformFIT/Preview Content\"";
				DEVELOPMENT_TEAM = L7G829MX8K;
				ENABLE_PREVIEWS = YES;
				INFOPLIST_FILE = ReformFIT/Info.plist;
				IPHONEOS_DEPLOYMENT_TARGET = 14.0;
				LD_RUNPATH_SEARCH_PATHS = (
					"$(inherited)",
					"@executable_path/Frameworks",
				);
				PRODUCT_BUNDLE_IDENTIFIER = J.ReformFIT;
				PRODUCT_NAME = "$(TARGET_NAME)";
				SWIFT_VERSION = 5.0;
				TARGETED_DEVICE_FAMILY = "1,2";
			};
			name = Debug;
		};
		092D99F126A668D4006DC5FE /* Release */ = {
			isa = XCBuildConfiguration;
			baseConfigurationReference = DF2E11E657F4785E647E430D /* Pods-ReformFIT.release.xcconfig */;
			buildSettings = {
				ASSETCATALOG_COMPILER_APPICON_NAME = AppIcon;
				ASSETCATALOG_COMPILER_GLOBAL_ACCENT_COLOR_NAME = AccentColor;
				CODE_SIGN_STYLE = Automatic;
				DEVELOPMENT_ASSET_PATHS = "\"ReformFIT/Preview Content\"";
				DEVELOPMENT_TEAM = L7G829MX8K;
				ENABLE_PREVIEWS = YES;
				INFOPLIST_FILE = ReformFIT/Info.plist;
				IPHONEOS_DEPLOYMENT_TARGET = 14.0;
				LD_RUNPATH_SEARCH_PATHS = (
					"$(inherited)",
					"@executable_path/Frameworks",
				);
				PRODUCT_BUNDLE_IDENTIFIER = J.ReformFIT;
				PRODUCT_NAME = "$(TARGET_NAME)";
				SWIFT_VERSION = 5.0;
				TARGETED_DEVICE_FAMILY = "1,2";
			};
			name = Release;
		};
/* End XCBuildConfiguration section */

/* Begin XCConfigurationList section */
		092D99DB26A668CA006DC5FE /* Build configuration list for PBXProject "ReformFIT" */ = {
			isa = XCConfigurationList;
			buildConfigurations = (
				092D99ED26A668D4006DC5FE /* Debug */,
				092D99EE26A668D4006DC5FE /* Release */,
			);
			defaultConfigurationIsVisible = 0;
			defaultConfigurationName = Release;
		};
		092D99EF26A668D4006DC5FE /* Build configuration list for PBXNativeTarget "ReformFIT" */ = {
			isa = XCConfigurationList;
			buildConfigurations = (
				092D99F026A668D4006DC5FE /* Debug */,
				092D99F126A668D4006DC5FE /* Release */,
			);
			defaultConfigurationIsVisible = 0;
			defaultConfigurationName = Release;
		};
/* End XCConfigurationList section */
	};
	rootObject = 092D99D826A668CA006DC5FE /* Project object */;
}
